// !$*UTF8*$!
{
	archiveVersion = 1;
	classes = {
	};
	objectVersion = 56;
	objects = {

/* Begin PBXBuildFile section */
		9943C6C629247DF000AF4DEA /* AppDelegate.swift in Sources */ = {isa = PBXBuildFile; fileRef = 9943C6C529247DF000AF4DEA /* AppDelegate.swift */; };
		9943C6C829247DF000AF4DEA /* SceneDelegate.swift in Sources */ = {isa = PBXBuildFile; fileRef = 9943C6C729247DF000AF4DEA /* SceneDelegate.swift */; };
		9943C6CA29247DF100AF4DEA /* TaskListViewController.swift in Sources */ = {isa = PBXBuildFile; fileRef = 9943C6C929247DF100AF4DEA /* TaskListViewController.swift */; };
		9943C6CD29247DF100AF4DEA /* Main.storyboard in Resources */ = {isa = PBXBuildFile; fileRef = 9943C6CB29247DF100AF4DEA /* Main.storyboard */; };
		9943C6CF29247DF200AF4DEA /* Assets.xcassets in Resources */ = {isa = PBXBuildFile; fileRef = 9943C6CE29247DF200AF4DEA /* Assets.xcassets */; };
		9943C6D229247DF200AF4DEA /* LaunchScreen.storyboard in Resources */ = {isa = PBXBuildFile; fileRef = 9943C6D029247DF200AF4DEA /* LaunchScreen.storyboard */; };
		9943C6DD29247DF200AF4DEA /* PhotoScavengerHuntTests.swift in Sources */ = {isa = PBXBuildFile; fileRef = 9943C6DC29247DF200AF4DEA /* PhotoScavengerHuntTests.swift */; };
		9943C6E729247DF200AF4DEA /* PhotoScavengerHuntUITests.swift in Sources */ = {isa = PBXBuildFile; fileRef = 9943C6E629247DF200AF4DEA /* PhotoScavengerHuntUITests.swift */; };
		9943C6E929247DF200AF4DEA /* PhotoScavengerHuntUITestsLaunchTests.swift in Sources */ = {isa = PBXBuildFile; fileRef = 9943C6E829247DF200AF4DEA /* PhotoScavengerHuntUITestsLaunchTests.swift */; };
		9943C6F629247E7E00AF4DEA /* Task.swift in Sources */ = {isa = PBXBuildFile; fileRef = 9943C6F529247E7E00AF4DEA /* Task.swift */; };
		9943C6F8292487F300AF4DEA /* TaskCell.swift in Sources */ = {isa = PBXBuildFile; fileRef = 9943C6F7292487F300AF4DEA /* TaskCell.swift */; };
		9943C6FA2924894500AF4DEA /* TaskDetailViewController.swift in Sources */ = {isa = PBXBuildFile; fileRef = 9943C6F92924894500AF4DEA /* TaskDetailViewController.swift */; };
		9943C6FC29249F7700AF4DEA /* PhotoAnnotationView.swift in Sources */ = {isa = PBXBuildFile; fileRef = 9943C6FB29249F7700AF4DEA /* PhotoAnnotationView.swift */; };
/* End PBXBuildFile section */

/* Begin PBXContainerItemProxy section */
		9943C6D929247DF200AF4DEA /* PBXContainerItemProxy */ = {
			isa = PBXContainerItemProxy;
			containerPortal = 9943C6BA29247DF000AF4DEA /* Project object */;
			proxyType = 1;
			remoteGlobalIDString = 9943C6C129247DF000AF4DEA;
			remoteInfo = PhotoScavengerHunt;
		};
		9943C6E329247DF200AF4DEA /* PBXContainerItemProxy */ = {
			isa = PBXContainerItemProxy;
			containerPortal = 9943C6BA29247DF000AF4DEA /* Project object */;
			proxyType = 1;
			remoteGlobalIDString = 9943C6C129247DF000AF4DEA;
			remoteInfo = PhotoScavengerHunt;
		};
/* End PBXContainerItemProxy section */

/* Begin PBXFileReference section */
		9943C6C229247DF000AF4DEA /* PhotoScavengerHunt.app */ = {isa = PBXFileReference; explicitFileType = wrapper.application; includeInIndex = 0; path = PhotoScavengerHunt.app; sourceTree = BUILT_PRODUCTS_DIR; };
		9943C6C529247DF000AF4DEA /* AppDelegate.swift */ = {isa = PBXFileReference; lastKnownFileType = sourcecode.swift; path = AppDelegate.swift; sourceTree = "<group>"; };
		9943C6C729247DF000AF4DEA /* SceneDelegate.swift */ = {isa = PBXFileReference; lastKnownFileType = sourcecode.swift; path = SceneDelegate.swift; sourceTree = "<group>"; };
		9943C6C929247DF100AF4DEA /* TaskListViewController.swift */ = {isa = PBXFileReference; lastKnownFileType = sourcecode.swift; path = TaskListViewController.swift; sourceTree = "<group>"; };
		9943C6CC29247DF100AF4DEA /* Base */ = {isa = PBXFileReference; lastKnownFileType = file.storyboard; name = Base; path = Base.lproj/Main.storyboard; sourceTree = "<group>"; };
		9943C6CE29247DF200AF4DEA /* Assets.xcassets */ = {isa = PBXFileReference; lastKnownFileType = folder.assetcatalog; path = Assets.xcassets; sourceTree = "<group>"; };
		9943C6D129247DF200AF4DEA /* Base */ = {isa = PBXFileReference; lastKnownFileType = file.storyboard; name = Base; path = Base.lproj/LaunchScreen.storyboard; sourceTree = "<group>"; };
		9943C6D329247DF200AF4DEA /* Info.plist */ = {isa = PBXFileReference; lastKnownFileType = text.plist.xml; path = Info.plist; sourceTree = "<group>"; };
		9943C6D829247DF200AF4DEA /* PhotoScavengerHuntTests.xctest */ = {isa = PBXFileReference; explicitFileType = wrapper.cfbundle; includeInIndex = 0; path = PhotoScavengerHuntTests.xctest; sourceTree = BUILT_PRODUCTS_DIR; };
		9943C6DC29247DF200AF4DEA /* PhotoScavengerHuntTests.swift */ = {isa = PBXFileReference; lastKnownFileType = sourcecode.swift; path = PhotoScavengerHuntTests.swift; sourceTree = "<group>"; };
		9943C6E229247DF200AF4DEA /* PhotoScavengerHuntUITests.xctest */ = {isa = PBXFileReference; explicitFileType = wrapper.cfbundle; includeInIndex = 0; path = PhotoScavengerHuntUITests.xctest; sourceTree = BUILT_PRODUCTS_DIR; };
		9943C6E629247DF200AF4DEA /* PhotoScavengerHuntUITests.swift */ = {isa = PBXFileReference; lastKnownFileType = sourcecode.swift; path = PhotoScavengerHuntUITests.swift; sourceTree = "<group>"; };
		9943C6E829247DF200AF4DEA /* PhotoScavengerHuntUITestsLaunchTests.swift */ = {isa = PBXFileReference; lastKnownFileType = sourcecode.swift; path = PhotoScavengerHuntUITestsLaunchTests.swift; sourceTree = "<group>"; };
		9943C6F529247E7E00AF4DEA /* Task.swift */ = {isa = PBXFileReference; lastKnownFileType = sourcecode.swift; path = Task.swift; sourceTree = "<group>"; };
		9943C6F7292487F300AF4DEA /* TaskCell.swift */ = {isa = PBXFileReference; lastKnownFileType = sourcecode.swift; path = TaskCell.swift; sourceTree = "<group>"; };
		9943C6F92924894500AF4DEA /* TaskDetailViewController.swift */ = {isa = PBXFileReference; lastKnownFileType = sourcecode.swift; path = TaskDetailViewController.swift; sourceTree = "<group>"; };
		9943C6FB29249F7700AF4DEA /* PhotoAnnotationView.swift */ = {isa = PBXFileReference; lastKnownFileType = sourcecode.swift; path = PhotoAnnotationView.swift; sourceTree = "<group>"; };
/* End PBXFileReference section */

/* Begin PBXFrameworksBuildPhase section */
		9943C6BF29247DF000AF4DEA /* Frameworks */ = {
			isa = PBXFrameworksBuildPhase;
			buildActionMask = 2147483647;
			files = (
			);
			runOnlyForDeploymentPostprocessing = 0;
		};
		9943C6D529247DF200AF4DEA /* Frameworks */ = {
			isa = PBXFrameworksBuildPhase;
			buildActionMask = 2147483647;
			files = (
			);
			runOnlyForDeploymentPostprocessing = 0;
		};
		9943C6DF29247DF200AF4DEA /* Frameworks */ = {
			isa = PBXFrameworksBuildPhase;
			buildActionMask = 2147483647;
			files = (
			);
			runOnlyForDeploymentPostprocessing = 0;
		};
/* End PBXFrameworksBuildPhase section */

/* Begin PBXGroup section */
		9943C6B929247DF000AF4DEA = {
			isa = PBXGroup;
			children = (
				9943C6C429247DF000AF4DEA /* PhotoScavengerHunt */,
				9943C6DB29247DF200AF4DEA /* PhotoScavengerHuntTests */,
				9943C6E529247DF200AF4DEA /* PhotoScavengerHuntUITests */,
				9943C6C329247DF000AF4DEA /* Products */,
			);
			sourceTree = "<group>";
		};
		9943C6C329247DF000AF4DEA /* Products */ = {
			isa = PBXGroup;
			children = (
				9943C6C229247DF000AF4DEA /* PhotoScavengerHunt.app */,
				9943C6D829247DF200AF4DEA /* PhotoScavengerHuntTests.xctest */,
				9943C6E229247DF200AF4DEA /* PhotoScavengerHuntUITests.xctest */,
			);
			name = Products;
			sourceTree = "<group>";
		};
		9943C6C429247DF000AF4DEA /* PhotoScavengerHunt */ = {
			isa = PBXGroup;
			children = (
				9943C6C529247DF000AF4DEA /* AppDelegate.swift */,
				9943C6C729247DF000AF4DEA /* SceneDelegate.swift */,
				9943C6C929247DF100AF4DEA /* TaskListViewController.swift */,
				9943C6F92924894500AF4DEA /* TaskDetailViewController.swift */,
				9943C6FB29249F7700AF4DEA /* PhotoAnnotationView.swift */,
				9943C6F7292487F300AF4DEA /* TaskCell.swift */,
				9943C6F529247E7E00AF4DEA /* Task.swift */,
				9943C6CB29247DF100AF4DEA /* Main.storyboard */,
				9943C6CE29247DF200AF4DEA /* Assets.xcassets */,
				9943C6D029247DF200AF4DEA /* LaunchScreen.storyboard */,
				9943C6D329247DF200AF4DEA /* Info.plist */,
			);
			path = PhotoScavengerHunt;
			sourceTree = "<group>";
		};
		9943C6DB29247DF200AF4DEA /* PhotoScavengerHuntTests */ = {
			isa = PBXGroup;
			children = (
				9943C6DC29247DF200AF4DEA /* PhotoScavengerHuntTests.swift */,
			);
			path = PhotoScavengerHuntTests;
			sourceTree = "<group>";
		};
		9943C6E529247DF200AF4DEA /* PhotoScavengerHuntUITests */ = {
			isa = PBXGroup;
			children = (
				9943C6E629247DF200AF4DEA /* PhotoScavengerHuntUITests.swift */,
				9943C6E829247DF200AF4DEA /* PhotoScavengerHuntUITestsLaunchTests.swift */,
			);
			path = PhotoScavengerHuntUITests;
			sourceTree = "<group>";
		};
/* End PBXGroup section */

/* Begin PBXNativeTarget section */
		9943C6C129247DF000AF4DEA /* PhotoScavengerHunt */ = {
			isa = PBXNativeTarget;
			buildConfigurationList = 9943C6EC29247DF200AF4DEA /* Build configuration list for PBXNativeTarget "PhotoScavengerHunt" */;
			buildPhases = (
				9943C6BE29247DF000AF4DEA /* Sources */,
				9943C6BF29247DF000AF4DEA /* Frameworks */,
				9943C6C029247DF000AF4DEA /* Resources */,
			);
			buildRules = (
			);
			dependencies = (
			);
			name = PhotoScavengerHunt;
			productName = PhotoScavengerHunt;
			productReference = 9943C6C229247DF000AF4DEA /* PhotoScavengerHunt.app */;
			productType = "com.apple.product-type.application";
		};
		9943C6D729247DF200AF4DEA /* PhotoScavengerHuntTests */ = {
			isa = PBXNativeTarget;
			buildConfigurationList = 9943C6EF29247DF200AF4DEA /* Build configuration list for PBXNativeTarget "PhotoScavengerHuntTests" */;
			buildPhases = (
				9943C6D429247DF200AF4DEA /* Sources */,
				9943C6D529247DF200AF4DEA /* Frameworks */,
				9943C6D629247DF200AF4DEA /* Resources */,
			);
			buildRules = (
			);
			dependencies = (
				9943C6DA29247DF200AF4DEA /* PBXTargetDependency */,
			);
			name = PhotoScavengerHuntTests;
			productName = PhotoScavengerHuntTests;
			productReference = 9943C6D829247DF200AF4DEA /* PhotoScavengerHuntTests.xctest */;
			productType = "com.apple.product-type.bundle.unit-test";
		};
		9943C6E129247DF200AF4DEA /* PhotoScavengerHuntUITests */ = {
			isa = PBXNativeTarget;
			buildConfigurationList = 9943C6F229247DF200AF4DEA /* Build configuration list for PBXNativeTarget "PhotoScavengerHuntUITests" */;
			buildPhases = (
				9943C6DE29247DF200AF4DEA /* Sources */,
				9943C6DF29247DF200AF4DEA /* Frameworks */,
				9943C6E029247DF200AF4DEA /* Resources */,
			);
			buildRules = (
			);
			dependencies = (
				9943C6E429247DF200AF4DEA /* PBXTargetDependency */,
			);
			name = PhotoScavengerHuntUITests;
			productName = PhotoScavengerHuntUITests;
			productReference = 9943C6E229247DF200AF4DEA /* PhotoScavengerHuntUITests.xctest */;
			productType = "com.apple.product-type.bundle.ui-testing";
		};
/* End PBXNativeTarget section */

/* Begin PBXProject section */
		9943C6BA29247DF000AF4DEA /* Project object */ = {
			isa = PBXProject;
			attributes = {
				BuildIndependentTargetsInParallel = 1;
				LastSwiftUpdateCheck = 1400;
				LastUpgradeCheck = 1400;
				TargetAttributes = {
					9943C6C129247DF000AF4DEA = {
						CreatedOnToolsVersion = 14.0;
					};
					9943C6D729247DF200AF4DEA = {
						CreatedOnToolsVersion = 14.0;
						TestTargetID = 9943C6C129247DF000AF4DEA;
					};
					9943C6E129247DF200AF4DEA = {
						CreatedOnToolsVersion = 14.0;
						TestTargetID = 9943C6C129247DF000AF4DEA;
					};
				};
			};
			buildConfigurationList = 9943C6BD29247DF000AF4DEA /* Build configuration list for PBXProject "PhotoScavengerHunt" */;
			compatibilityVersion = "Xcode 14.0";
			developmentRegion = en;
			hasScannedForEncodings = 0;
			knownRegions = (
				en,
				Base,
			);
			mainGroup = 9943C6B929247DF000AF4DEA;
			productRefGroup = 9943C6C329247DF000AF4DEA /* Products */;
			projectDirPath = "";
			projectRoot = "";
			targets = (
				9943C6C129247DF000AF4DEA /* PhotoScavengerHunt */,
				9943C6D729247DF200AF4DEA /* PhotoScavengerHuntTests */,
				9943C6E129247DF200AF4DEA /* PhotoScavengerHuntUITests */,
			);
		};
/* End PBXProject section */

/* Begin PBXResourcesBuildPhase section */
		9943C6C029247DF000AF4DEA /* Resources */ = {
			isa = PBXResourcesBuildPhase;
			buildActionMask = 2147483647;
			files = (
				9943C6D229247DF200AF4DEA /* LaunchScreen.storyboard in Resources */,
				9943C6CF29247DF200AF4DEA /* Assets.xcassets in Resources */,
				9943C6CD29247DF100AF4DEA /* Main.storyboard in Resources */,
			);
			runOnlyForDeploymentPostprocessing = 0;
		};
		9943C6D629247DF200AF4DEA /* Resources */ = {
			isa = PBXResourcesBuildPhase;
			buildActionMask = 2147483647;
			files = (
			);
			runOnlyForDeploymentPostprocessing = 0;
		};
		9943C6E029247DF200AF4DEA /* Resources */ = {
			isa = PBXResourcesBuildPhase;
			buildActionMask = 2147483647;
			files = (
			);
			runOnlyForDeploymentPostprocessing = 0;
		};
/* End PBXResourcesBuildPhase section */

/* Begin PBXSourcesBuildPhase section */
		9943C6BE29247DF000AF4DEA /* Sources */ = {
			isa = PBXSourcesBuildPhase;
			buildActionMask = 2147483647;
			files = (
				9943C6FA2924894500AF4DEA /* TaskDetailViewController.swift in Sources */,
				9943C6FC29249F7700AF4DEA /* PhotoAnnotationView.swift in Sources */,
				9943C6F629247E7E00AF4DEA /* Task.swift in Sources */,
				9943C6CA29247DF100AF4DEA /* TaskListViewController.swift in Sources */,
				9943C6C629247DF000AF4DEA /* AppDelegate.swift in Sources */,
				9943C6C829247DF000AF4DEA /* SceneDelegate.swift in Sources */,
				9943C6F8292487F300AF4DEA /* TaskCell.swift in Sources */,
			);
			runOnlyForDeploymentPostprocessing = 0;
		};
		9943C6D429247DF200AF4DEA /* Sources */ = {
			isa = PBXSourcesBuildPhase;
			buildActionMask = 2147483647;
			files = (
				9943C6DD29247DF200AF4DEA /* PhotoScavengerHuntTests.swift in Sources */,
			);
			runOnlyForDeploymentPostprocessing = 0;
		};
		9943C6DE29247DF200AF4DEA /* Sources */ = {
			isa = PBXSourcesBuildPhase;
			buildActionMask = 2147483647;
			files = (
				9943C6E729247DF200AF4DEA /* PhotoScavengerHuntUITests.swift in Sources */,
				9943C6E929247DF200AF4DEA /* PhotoScavengerHuntUITestsLaunchTests.swift in Sources */,
			);
			runOnlyForDeploymentPostprocessing = 0;
		};
/* End PBXSourcesBuildPhase section */

/* Begin PBXTargetDependency section */
		9943C6DA29247DF200AF4DEA /* PBXTargetDependency */ = {
			isa = PBXTargetDependency;
			target = 9943C6C129247DF000AF4DEA /* PhotoScavengerHunt */;
			targetProxy = 9943C6D929247DF200AF4DEA /* PBXContainerItemProxy */;
		};
		9943C6E429247DF200AF4DEA /* PBXTargetDependency */ = {
			isa = PBXTargetDependency;
			target = 9943C6C129247DF000AF4DEA /* PhotoScavengerHunt */;
			targetProxy = 9943C6E329247DF200AF4DEA /* PBXContainerItemProxy */;
		};
/* End PBXTargetDependency section */

/* Begin PBXVariantGroup section */
		9943C6CB29247DF100AF4DEA /* Main.storyboard */ = {
			isa = PBXVariantGroup;
			children = (
				9943C6CC29247DF100AF4DEA /* Base */,
			);
			name = Main.storyboard;
			sourceTree = "<group>";
		};
		9943C6D029247DF200AF4DEA /* LaunchScreen.storyboard */ = {
			isa = PBXVariantGroup;
			children = (
				9943C6D129247DF200AF4DEA /* Base */,
			);
			name = LaunchScreen.storyboard;
			sourceTree = "<group>";
		};
/* End PBXVariantGroup section */

/* Begin XCBuildConfiguration section */
		9943C6EA29247DF200AF4DEA /* Debug */ = {
			isa = XCBuildConfiguration;
			buildSettings = {
				ALWAYS_SEARCH_USER_PATHS = NO;
				CLANG_ANALYZER_NONNULL = YES;
				CLANG_ANALYZER_NUMBER_OBJECT_CONVERSION = YES_AGGRESSIVE;
				CLANG_CXX_LANGUAGE_STANDARD = "gnu++20";
				CLANG_ENABLE_MODULES = YES;
				CLANG_ENABLE_OBJC_ARC = YES;
				CLANG_ENABLE_OBJC_WEAK = YES;
				CLANG_WARN_BLOCK_CAPTURE_AUTORELEASING = YES;
				CLANG_WARN_BOOL_CONVERSION = YES;
				CLANG_WARN_COMMA = YES;
				CLANG_WARN_CONSTANT_CONVERSION = YES;
				CLANG_WARN_DEPRECATED_OBJC_IMPLEMENTATIONS = YES;
				CLANG_WARN_DIRECT_OBJC_ISA_USAGE = YES_ERROR;
				CLANG_WARN_DOCUMENTATION_COMMENTS = YES;
				CLANG_WARN_EMPTY_BODY = YES;
				CLANG_WARN_ENUM_CONVERSION = YES;
				CLANG_WARN_INFINITE_RECURSION = YES;
				CLANG_WARN_INT_CONVERSION = YES;
				CLANG_WARN_NON_LITERAL_NULL_CONVERSION = YES;
				CLANG_WARN_OBJC_IMPLICIT_RETAIN_SELF = YES;
				CLANG_WARN_OBJC_LITERAL_CONVERSION = YES;
				CLANG_WARN_OBJC_ROOT_CLASS = YES_ERROR;
				CLANG_WARN_QUOTED_INCLUDE_IN_FRAMEWORK_HEADER = YES;
				CLANG_WARN_RANGE_LOOP_ANALYSIS = YES;
				CLANG_WARN_STRICT_PROTOTYPES = YES;
				CLANG_WARN_SUSPICIOUS_MOVE = YES;
				CLANG_WARN_UNGUARDED_AVAILABILITY = YES_AGGRESSIVE;
				CLANG_WARN_UNREACHABLE_CODE = YES;
				CLANG_WARN__DUPLICATE_METHOD_MATCH = YES;
				COPY_PHASE_STRIP = NO;
				DEBUG_INFORMATION_FORMAT = dwarf;
				ENABLE_STRICT_OBJC_MSGSEND = YES;
				ENABLE_TESTABILITY = YES;
				GCC_C_LANGUAGE_STANDARD = gnu11;
				GCC_DYNAMIC_NO_PIC = NO;
				GCC_NO_COMMON_BLOCKS = YES;
				GCC_OPTIMIZATION_LEVEL = 0;
				GCC_PREPROCESSOR_DEFINITIONS = (
					"DEBUG=1",
					"$(inherited)",
				);
				GCC_WARN_64_TO_32_BIT_CONVERSION = YES;
				GCC_WARN_ABOUT_RETURN_TYPE = YES_ERROR;
				GCC_WARN_UNDECLARED_SELECTOR = YES;
				GCC_WARN_UNINITIALIZED_AUTOS = YES_AGGRESSIVE;
				GCC_WARN_UNUSED_FUNCTION = YES;
				GCC_WARN_UNUSED_VARIABLE = YES;
				IPHONEOS_DEPLOYMENT_TARGET = 16.0;
				MTL_ENABLE_DEBUG_INFO = INCLUDE_SOURCE;
				MTL_FAST_MATH = YES;
				ONLY_ACTIVE_ARCH = YES;
				SDKROOT = iphoneos;
				SWIFT_ACTIVE_COMPILATION_CONDITIONS = DEBUG;
				SWIFT_OPTIMIZATION_LEVEL = "-Onone";
			};
			name = Debug;
		};
		9943C6EB29247DF200AF4DEA /* Release */ = {
			isa = XCBuildConfiguration;
			buildSettings = {
				ALWAYS_SEARCH_USER_PATHS = NO;
				CLANG_ANALYZER_NONNULL = YES;
				CLANG_ANALYZER_NUMBER_OBJECT_CONVERSION = YES_AGGRESSIVE;
				CLANG_CXX_LANGUAGE_STANDARD = "gnu++20";
				CLANG_ENABLE_MODULES = YES;
				CLANG_ENABLE_OBJC_ARC = YES;
				CLANG_ENABLE_OBJC_WEAK = YES;
				CLANG_WARN_BLOCK_CAPTURE_AUTORELEASING = YES;
				CLANG_WARN_BOOL_CONVERSION = YES;
				CLANG_WARN_COMMA = YES;
				CLANG_WARN_CONSTANT_CONVERSION = YES;
				CLANG_WARN_DEPRECATED_OBJC_IMPLEMENTATIONS = YES;
				CLANG_WARN_DIRECT_OBJC_ISA_USAGE = YES_ERROR;
				CLANG_WARN_DOCUMENTATION_COMMENTS = YES;
				CLANG_WARN_EMPTY_BODY = YES;
				CLANG_WARN_ENUM_CONVERSION = YES;
				CLANG_WARN_INFINITE_RECURSION = YES;
				CLANG_WARN_INT_CONVERSION = YES;
				CLANG_WARN_NON_LITERAL_NULL_CONVERSION = YES;
				CLANG_WARN_OBJC_IMPLICIT_RETAIN_SELF = YES;
				CLANG_WARN_OBJC_LITERAL_CONVERSION = YES;
				CLANG_WARN_OBJC_ROOT_CLASS = YES_ERROR;
				CLANG_WARN_QUOTED_INCLUDE_IN_FRAMEWORK_HEADER = YES;
				CLANG_WARN_RANGE_LOOP_ANALYSIS = YES;
				CLANG_WARN_STRICT_PROTOTYPES = YES;
				CLANG_WARN_SUSPICIOUS_MOVE = YES;
				CLANG_WARN_UNGUARDED_AVAILABILITY = YES_AGGRESSIVE;
				CLANG_WARN_UNREACHABLE_CODE = YES;
				CLANG_WARN__DUPLICATE_METHOD_MATCH = YES;
				COPY_PHASE_STRIP = NO;
				DEBUG_INFORMATION_FORMAT = "dwarf-with-dsym";
				ENABLE_NS_ASSERTIONS = NO;
				ENABLE_STRICT_OBJC_MSGSEND = YES;
				GCC_C_LANGUAGE_STANDARD = gnu11;
				GCC_NO_COMMON_BLOCKS = YES;
				GCC_WARN_64_TO_32_BIT_CONVERSION = YES;
				GCC_WARN_ABOUT_RETURN_TYPE = YES_ERROR;
				GCC_WARN_UNDECLARED_SELECTOR = YES;
				GCC_WARN_UNINITIALIZED_AUTOS = YES_AGGRESSIVE;
				GCC_WARN_UNUSED_FUNCTION = YES;
				GCC_WARN_UNUSED_VARIABLE = YES;
				IPHONEOS_DEPLOYMENT_TARGET = 16.0;
				MTL_ENABLE_DEBUG_INFO = NO;
				MTL_FAST_MATH = YES;
				SDKROOT = iphoneos;
				SWIFT_COMPILATION_MODE = wholemodule;
				SWIFT_OPTIMIZATION_LEVEL = "-O";
				VALIDATE_PRODUCT = YES;
			};
			name = Release;
		};
		9943C6ED29247DF200AF4DEA /* Debug */ = {
			isa = XCBuildConfiguration;
			buildSettings = {
				ASSETCATALOG_COMPILER_APPICON_NAME = AppIcon;
				ASSETCATALOG_COMPILER_GLOBAL_ACCENT_COLOR_NAME = AccentColor;
				CODE_SIGN_STYLE = Automatic;
				CURRENT_PROJECT_VERSION = 1;
				GENERATE_INFOPLIST_FILE = YES;
				INFOPLIST_FILE = PhotoScavengerHunt/Info.plist;
				INFOPLIST_KEY_NSPhotoLibraryUsageDescription = "For attaching photos to tasks";
				INFOPLIST_KEY_UIApplicationSupportsIndirectInputEvents = YES;
				INFOPLIST_KEY_UILaunchStoryboardName = LaunchScreen;
				INFOPLIST_KEY_UIMainStoryboardFile = Main;
				INFOPLIST_KEY_UISupportedInterfaceOrientations_iPad = "UIInterfaceOrientationPortrait UIInterfaceOrientationPortraitUpsideDown UIInterfaceOrientationLandscapeLeft UIInterfaceOrientationLandscapeRight";
				INFOPLIST_KEY_UISupportedInterfaceOrientations_iPhone = "UIInterfaceOrientationPortrait UIInterfaceOrientationLandscapeLeft UIInterfaceOrientationLandscapeRight";
				LD_RUNPATH_SEARCH_PATHS = (
					"$(inherited)",
					"@executable_path/Frameworks",
				);
				MARKETING_VERSION = 1.0;
				PRODUCT_BUNDLE_IDENTIFIER = Mari.PhotoScavengerHunt;
				PRODUCT_NAME = "$(TARGET_NAME)";
				SWIFT_EMIT_LOC_STRINGS = YES;
				SWIFT_VERSION = 5.0;
				TARGETED_DEVICE_FAMILY = "1,2";
			};
			name = Debug;
		};
		9943C6EE29247DF200AF4DEA /* Release */ = {
			isa = XCBuildConfiguration;
			buildSettings = {
				ASSETCATALOG_COMPILER_APPICON_NAME = AppIcon;
				ASSETCATALOG_COMPILER_GLOBAL_ACCENT_COLOR_NAME = AccentColor;
				CODE_SIGN_STYLE = Automatic;
				CURRENT_PROJECT_VERSION = 1;
				GENERATE_INFOPLIST_FILE = YES;
				INFOPLIST_FILE = PhotoScavengerHunt/Info.plist;
				INFOPLIST_KEY_NSPhotoLibraryUsageDescription = "For attaching photos to tasks";
				INFOPLIST_KEY_UIApplicationSupportsIndirectInputEvents = YES;
				INFOPLIST_KEY_UILaunchStoryboardName = LaunchScreen;
				INFOPLIST_KEY_UIMainStoryboardFile = Main;
				INFOPLIST_KEY_UISupportedInterfaceOrientations_iPad = "UIInterfaceOrientationPortrait UIInterfaceOrientationPortraitUpsideDown UIInterfaceOrientationLandscapeLeft UIInterfaceOrientationLandscapeRight";
				INFOPLIST_KEY_UISupportedInterfaceOrientations_iPhone = "UIInterfaceOrientationPortrait UIInterfaceOrientationLandscapeLeft UIInterfaceOrientationLandscapeRight";
				LD_RUNPATH_SEARCH_PATHS = (
					"$(inherited)",
					"@executable_path/Frameworks",
				);
				MARKETING_VERSION = 1.0;
				PRODUCT_BUNDLE_IDENTIFIER = Mari.PhotoScavengerHunt;
				PRODUCT_NAME = "$(TARGET_NAME)";
				SWIFT_EMIT_LOC_STRINGS = YES;
				SWIFT_VERSION = 5.0;
				TARGETED_DEVICE_FAMILY = "1,2";
			};
			name = Release;
		};
		9943C6F029247DF200AF4DEA /* Debug */ = {
			isa = XCBuildConfiguration;
			buildSettings = {
				ALWAYS_EMBED_SWIFT_STANDARD_LIBRARIES = YES;
				BUNDLE_LOADER = "$(TEST_HOST)";
				CODE_SIGN_STYLE = Automatic;
				CURRENT_PROJECT_VERSION = 1;
				GENERATE_INFOPLIST_FILE = YES;
				IPHONEOS_DEPLOYMENT_TARGET = 16.0;
				MARKETING_VERSION = 1.0;
				PRODUCT_BUNDLE_IDENTIFIER = Mari.PhotoScavengerHuntTests;
				PRODUCT_NAME = "$(TARGET_NAME)";
				SWIFT_EMIT_LOC_STRINGS = NO;
				SWIFT_VERSION = 5.0;
				TARGETED_DEVICE_FAMILY = "1,2";
				TEST_HOST = "$(BUILT_PRODUCTS_DIR)/PhotoScavengerHunt.app/$(BUNDLE_EXECUTABLE_FOLDER_PATH)/PhotoScavengerHunt";
			};
			name = Debug;
		};
		9943C6F129247DF200AF4DEA /* Release */ = {
			isa = XCBuildConfiguration;
			buildSettings = {
				ALWAYS_EMBED_SWIFT_STANDARD_LIBRARIES = YES;
				BUNDLE_LOADER = "$(TEST_HOST)";
				CODE_SIGN_STYLE = Automatic;
				CURRENT_PROJECT_VERSION = 1;
				GENERATE_INFOPLIST_FILE = YES;
				IPHONEOS_DEPLOYMENT_TARGET = 16.0;
				MARKETING_VERSION = 1.0;
				PRODUCT_BUNDLE_IDENTIFIER = Mari.PhotoScavengerHuntTests;
				PRODUCT_NAME = "$(TARGET_NAME)";
				SWIFT_EMIT_LOC_STRINGS = NO;
				SWIFT_VERSION = 5.0;
				TARGETED_DEVICE_FAMILY = "1,2";
				TEST_HOST = "$(BUILT_PRODUCTS_DIR)/PhotoScavengerHunt.app/$(BUNDLE_EXECUTABLE_FOLDER_PATH)/PhotoScavengerHunt";
			};
			name = Release;
		};
		9943C6F329247DF200AF4DEA /* Debug */ = {
			isa = XCBuildConfiguration;
			buildSettings = {
				ALWAYS_EMBED_SWIFT_STANDARD_LIBRARIES = YES;
				CODE_SIGN_STYLE = Automatic;
				CURRENT_PROJECT_VERSION = 1;
				GENERATE_INFOPLIST_FILE = YES;
				MARKETING_VERSION = 1.0;
				PRODUCT_BUNDLE_IDENTIFIER = Mari.PhotoScavengerHuntUITests;
				PRODUCT_NAME = "$(TARGET_NAME)";
				SWIFT_EMIT_LOC_STRINGS = NO;
				SWIFT_VERSION = 5.0;
				TARGETED_DEVICE_FAMILY = "1,2";
				TEST_TARGET_NAME = PhotoScavengerHunt;
			};
			name = Debug;
		};
		9943C6F429247DF200AF4DEA /* Release */ = {
			isa = XCBuildConfiguration;
			buildSettings = {
				ALWAYS_EMBED_SWIFT_STANDARD_LIBRARIES = YES;
				CODE_SIGN_STYLE = Automatic;
				CURRENT_PROJECT_VERSION = 1;
				GENERATE_INFOPLIST_FILE = YES;
				MARKETING_VERSION = 1.0;
				PRODUCT_BUNDLE_IDENTIFIER = Mari.PhotoScavengerHuntUITests;
				PRODUCT_NAME = "$(TARGET_NAME)";
				SWIFT_EMIT_LOC_STRINGS = NO;
				SWIFT_VERSION = 5.0;
				TARGETED_DEVICE_FAMILY = "1,2";
				TEST_TARGET_NAME = PhotoScavengerHunt;
			};
			name = Release;
		};
/* End XCBuildConfiguration section */

/* Begin XCConfigurationList section */
		9943C6BD29247DF000AF4DEA /* Build configuration list for PBXProject "PhotoScavengerHunt" */ = {
			isa = XCConfigurationList;
			buildConfigurations = (
				9943C6EA29247DF200AF4DEA /* Debug */,
				9943C6EB29247DF200AF4DEA /* Release */,
			);
			defaultConfigurationIsVisible = 0;
			defaultConfigurationName = Release;
		};
		9943C6EC29247DF200AF4DEA /* Build configuration list for PBXNativeTarget "PhotoScavengerHunt" */ = {
			isa = XCConfigurationList;
			buildConfigurations = (
				9943C6ED29247DF200AF4DEA /* Debug */,
				9943C6EE29247DF200AF4DEA /* Release */,
			);
			defaultConfigurationIsVisible = 0;
			defaultConfigurationName = Release;
		};
		9943C6EF29247DF200AF4DEA /* Build configuration list for PBXNativeTarget "PhotoScavengerHuntTests" */ = {
			isa = XCConfigurationList;
			buildConfigurations = (
				9943C6F029247DF200AF4DEA /* Debug */,
				9943C6F129247DF200AF4DEA /* Release */,
			);
			defaultConfigurationIsVisible = 0;
			defaultConfigurationName = Release;
		};
		9943C6F229247DF200AF4DEA /* Build configuration list for PBXNativeTarget "PhotoScavengerHuntUITests" */ = {
			isa = XCConfigurationList;
			buildConfigurations = (
				9943C6F329247DF200AF4DEA /* Debug */,
				9943C6F429247DF200AF4DEA /* Release */,
			);
			defaultConfigurationIsVisible = 0;
			defaultConfigurationName = Release;
		};
/* End XCConfigurationList section */
	};
	rootObject = 9943C6BA29247DF000AF4DEA /* Project object */;
}
