// !$*UTF8*$!
{
	archiveVersion = 1;
	classes = {
	};
	objectVersion = 56;
	objects = {

/* Begin PBXBuildFile section */
		81AE6B99685460B167464712 /* Pods_BeRealClone.framework in Frameworks */ = {isa = PBXBuildFile; fileRef = C2AEF54A4A4C4C1B924E4880 /* Pods_BeRealClone.framework */; };
		995A37872908C0340055DFE0 /* AppDelegate.swift in Sources */ = {isa = PBXBuildFile; fileRef = 995A37862908C0340055DFE0 /* AppDelegate.swift */; };
		995A37892908C0340055DFE0 /* SceneDelegate.swift in Sources */ = {isa = PBXBuildFile; fileRef = 995A37882908C0340055DFE0 /* SceneDelegate.swift */; };
		995A378B2908C0340055DFE0 /* LoginViewController.swift in Sources */ = {isa = PBXBuildFile; fileRef = 995A378A2908C0340055DFE0 /* LoginViewController.swift */; };
		995A378E2908C0340055DFE0 /* Main.storyboard in Resources */ = {isa = PBXBuildFile; fileRef = 995A378C2908C0340055DFE0 /* Main.storyboard */; };
		995A37902908C0350055DFE0 /* Assets.xcassets in Resources */ = {isa = PBXBuildFile; fileRef = 995A378F2908C0350055DFE0 /* Assets.xcassets */; };
		995A37932908C0350055DFE0 /* LaunchScreen.storyboard in Resources */ = {isa = PBXBuildFile; fileRef = 995A37912908C0350055DFE0 /* LaunchScreen.storyboard */; };
		995A379E2908C0350055DFE0 /* BeRealCloneTests.swift in Sources */ = {isa = PBXBuildFile; fileRef = 995A379D2908C0350055DFE0 /* BeRealCloneTests.swift */; };
		995A37A82908C0350055DFE0 /* BeRealCloneUITests.swift in Sources */ = {isa = PBXBuildFile; fileRef = 995A37A72908C0350055DFE0 /* BeRealCloneUITests.swift */; };
		995A37AA2908C0350055DFE0 /* BeRealCloneUITestsLaunchTests.swift in Sources */ = {isa = PBXBuildFile; fileRef = 995A37A92908C0350055DFE0 /* BeRealCloneUITestsLaunchTests.swift */; };
		995A37B72908C4CA0055DFE0 /* PostFeedViewController.swift in Sources */ = {isa = PBXBuildFile; fileRef = 995A37B62908C4CA0055DFE0 /* PostFeedViewController.swift */; };
		996C7207290B6DE700988772 /* PhotoUploadViewController.swift in Sources */ = {isa = PBXBuildFile; fileRef = 996C7206290B6DE700988772 /* PhotoUploadViewController.swift */; };
		99DD0BA3290E09A00047A363 /* PostCellTableViewCell.swift in Sources */ = {isa = PBXBuildFile; fileRef = 99DD0BA2290E09A00047A363 /* PostCellTableViewCell.swift */; };
/* End PBXBuildFile section */

/* Begin PBXContainerItemProxy section */
		995A379A2908C0350055DFE0 /* PBXContainerItemProxy */ = {
			isa = PBXContainerItemProxy;
			containerPortal = 995A377B2908C0340055DFE0 /* Project object */;
			proxyType = 1;
			remoteGlobalIDString = 995A37822908C0340055DFE0;
			remoteInfo = BeRealClone;
		};
		995A37A42908C0350055DFE0 /* PBXContainerItemProxy */ = {
			isa = PBXContainerItemProxy;
			containerPortal = 995A377B2908C0340055DFE0 /* Project object */;
			proxyType = 1;
			remoteGlobalIDString = 995A37822908C0340055DFE0;
			remoteInfo = BeRealClone;
		};
/* End PBXContainerItemProxy section */

/* Begin PBXFileReference section */
		4B6AB99B949E957C61225532 /* Pods-BeRealClone.release.xcconfig */ = {isa = PBXFileReference; includeInIndex = 1; lastKnownFileType = text.xcconfig; name = "Pods-BeRealClone.release.xcconfig"; path = "Target Support Files/Pods-BeRealClone/Pods-BeRealClone.release.xcconfig"; sourceTree = "<group>"; };
		995A37832908C0340055DFE0 /* BeRealClone.app */ = {isa = PBXFileReference; explicitFileType = wrapper.application; includeInIndex = 0; path = BeRealClone.app; sourceTree = BUILT_PRODUCTS_DIR; };
		995A37862908C0340055DFE0 /* AppDelegate.swift */ = {isa = PBXFileReference; lastKnownFileType = sourcecode.swift; path = AppDelegate.swift; sourceTree = "<group>"; };
		995A37882908C0340055DFE0 /* SceneDelegate.swift */ = {isa = PBXFileReference; lastKnownFileType = sourcecode.swift; path = SceneDelegate.swift; sourceTree = "<group>"; };
		995A378A2908C0340055DFE0 /* LoginViewController.swift */ = {isa = PBXFileReference; lastKnownFileType = sourcecode.swift; path = LoginViewController.swift; sourceTree = "<group>"; };
		995A378D2908C0340055DFE0 /* Base */ = {isa = PBXFileReference; lastKnownFileType = file.storyboard; name = Base; path = Base.lproj/Main.storyboard; sourceTree = "<group>"; };
		995A378F2908C0350055DFE0 /* Assets.xcassets */ = {isa = PBXFileReference; lastKnownFileType = folder.assetcatalog; path = Assets.xcassets; sourceTree = "<group>"; };
		995A37922908C0350055DFE0 /* Base */ = {isa = PBXFileReference; lastKnownFileType = file.storyboard; name = Base; path = Base.lproj/LaunchScreen.storyboard; sourceTree = "<group>"; };
		995A37942908C0350055DFE0 /* Info.plist */ = {isa = PBXFileReference; lastKnownFileType = text.plist.xml; path = Info.plist; sourceTree = "<group>"; };
		995A37992908C0350055DFE0 /* BeRealCloneTests.xctest */ = {isa = PBXFileReference; explicitFileType = wrapper.cfbundle; includeInIndex = 0; path = BeRealCloneTests.xctest; sourceTree = BUILT_PRODUCTS_DIR; };
		995A379D2908C0350055DFE0 /* BeRealCloneTests.swift */ = {isa = PBXFileReference; lastKnownFileType = sourcecode.swift; path = BeRealCloneTests.swift; sourceTree = "<group>"; };
		995A37A32908C0350055DFE0 /* BeRealCloneUITests.xctest */ = {isa = PBXFileReference; explicitFileType = wrapper.cfbundle; includeInIndex = 0; path = BeRealCloneUITests.xctest; sourceTree = BUILT_PRODUCTS_DIR; };
		995A37A72908C0350055DFE0 /* BeRealCloneUITests.swift */ = {isa = PBXFileReference; lastKnownFileType = sourcecode.swift; path = BeRealCloneUITests.swift; sourceTree = "<group>"; };
		995A37A92908C0350055DFE0 /* BeRealCloneUITestsLaunchTests.swift */ = {isa = PBXFileReference; lastKnownFileType = sourcecode.swift; path = BeRealCloneUITestsLaunchTests.swift; sourceTree = "<group>"; };
		995A37B62908C4CA0055DFE0 /* PostFeedViewController.swift */ = {isa = PBXFileReference; lastKnownFileType = sourcecode.swift; path = PostFeedViewController.swift; sourceTree = "<group>"; };
		996C7206290B6DE700988772 /* PhotoUploadViewController.swift */ = {isa = PBXFileReference; lastKnownFileType = sourcecode.swift; path = PhotoUploadViewController.swift; sourceTree = "<group>"; };
		99DD0BA2290E09A00047A363 /* PostCellTableViewCell.swift */ = {isa = PBXFileReference; lastKnownFileType = sourcecode.swift; path = PostCellTableViewCell.swift; sourceTree = "<group>"; };
		C2AEF54A4A4C4C1B924E4880 /* Pods_BeRealClone.framework */ = {isa = PBXFileReference; explicitFileType = wrapper.framework; includeInIndex = 0; path = Pods_BeRealClone.framework; sourceTree = BUILT_PRODUCTS_DIR; };
		F18FFA5821CCA5FCE8A21C80 /* Pods-BeRealClone.debug.xcconfig */ = {isa = PBXFileReference; includeInIndex = 1; lastKnownFileType = text.xcconfig; name = "Pods-BeRealClone.debug.xcconfig"; path = "Target Support Files/Pods-BeRealClone/Pods-BeRealClone.debug.xcconfig"; sourceTree = "<group>"; };
/* End PBXFileReference section */

/* Begin PBXFrameworksBuildPhase section */
		995A37802908C0340055DFE0 /* Frameworks */ = {
			isa = PBXFrameworksBuildPhase;
			buildActionMask = 2147483647;
			files = (
				81AE6B99685460B167464712 /* Pods_BeRealClone.framework in Frameworks */,
			);
			runOnlyForDeploymentPostprocessing = 0;
		};
		995A37962908C0350055DFE0 /* Frameworks */ = {
			isa = PBXFrameworksBuildPhase;
			buildActionMask = 2147483647;
			files = (
			);
			runOnlyForDeploymentPostprocessing = 0;
		};
		995A37A02908C0350055DFE0 /* Frameworks */ = {
			isa = PBXFrameworksBuildPhase;
			buildActionMask = 2147483647;
			files = (
			);
			runOnlyForDeploymentPostprocessing = 0;
		};
/* End PBXFrameworksBuildPhase section */

/* Begin PBXGroup section */
		8FA30E3DC1146B3308E38386 /* Frameworks */ = {
			isa = PBXGroup;
			children = (
				C2AEF54A4A4C4C1B924E4880 /* Pods_BeRealClone.framework */,
			);
			name = Frameworks;
			sourceTree = "<group>";
		};
		995A377A2908C0340055DFE0 = {
			isa = PBXGroup;
			children = (
				995A37852908C0340055DFE0 /* BeRealClone */,
				995A379C2908C0350055DFE0 /* BeRealCloneTests */,
				995A37A62908C0350055DFE0 /* BeRealCloneUITests */,
				995A37842908C0340055DFE0 /* Products */,
				C9740E4353382ED41209C16B /* Pods */,
				8FA30E3DC1146B3308E38386 /* Frameworks */,
			);
			sourceTree = "<group>";
		};
		995A37842908C0340055DFE0 /* Products */ = {
			isa = PBXGroup;
			children = (
				995A37832908C0340055DFE0 /* BeRealClone.app */,
				995A37992908C0350055DFE0 /* BeRealCloneTests.xctest */,
				995A37A32908C0350055DFE0 /* BeRealCloneUITests.xctest */,
			);
			name = Products;
			sourceTree = "<group>";
		};
		995A37852908C0340055DFE0 /* BeRealClone */ = {
			isa = PBXGroup;
			children = (
				995A37862908C0340055DFE0 /* AppDelegate.swift */,
				995A37882908C0340055DFE0 /* SceneDelegate.swift */,
				99DD0BA5290E09CF0047A363 /* Login */,
				99DD0BA6290E09D50047A363 /* Upload */,
				99DD0BA4290E09A90047A363 /* Feed */,
				995A378C2908C0340055DFE0 /* Main.storyboard */,
				995A378F2908C0350055DFE0 /* Assets.xcassets */,
				995A37912908C0350055DFE0 /* LaunchScreen.storyboard */,
				995A37942908C0350055DFE0 /* Info.plist */,
			);
			path = BeRealClone;
			sourceTree = "<group>";
		};
		995A379C2908C0350055DFE0 /* BeRealCloneTests */ = {
			isa = PBXGroup;
			children = (
				995A379D2908C0350055DFE0 /* BeRealCloneTests.swift */,
			);
			path = BeRealCloneTests;
			sourceTree = "<group>";
		};
		995A37A62908C0350055DFE0 /* BeRealCloneUITests */ = {
			isa = PBXGroup;
			children = (
				995A37A72908C0350055DFE0 /* BeRealCloneUITests.swift */,
				995A37A92908C0350055DFE0 /* BeRealCloneUITestsLaunchTests.swift */,
			);
			path = BeRealCloneUITests;
			sourceTree = "<group>";
		};
		99DD0BA4290E09A90047A363 /* Feed */ = {
			isa = PBXGroup;
			children = (
				995A37B62908C4CA0055DFE0 /* PostFeedViewController.swift */,
				99DD0BA2290E09A00047A363 /* PostCellTableViewCell.swift */,
			);
			path = Feed;
			sourceTree = "<group>";
		};
		99DD0BA5290E09CF0047A363 /* Login */ = {
			isa = PBXGroup;
			children = (
				995A378A2908C0340055DFE0 /* LoginViewController.swift */,
			);
			path = Login;
			sourceTree = "<group>";
		};
		99DD0BA6290E09D50047A363 /* Upload */ = {
			isa = PBXGroup;
			children = (
				996C7206290B6DE700988772 /* PhotoUploadViewController.swift */,
			);
			path = Upload;
			sourceTree = "<group>";
		};
		C9740E4353382ED41209C16B /* Pods */ = {
			isa = PBXGroup;
			children = (
				F18FFA5821CCA5FCE8A21C80 /* Pods-BeRealClone.debug.xcconfig */,
				4B6AB99B949E957C61225532 /* Pods-BeRealClone.release.xcconfig */,
			);
			path = Pods;
			sourceTree = "<group>";
		};
/* End PBXGroup section */

/* Begin PBXNativeTarget section */
		995A37822908C0340055DFE0 /* BeRealClone */ = {
			isa = PBXNativeTarget;
			buildConfigurationList = 995A37AD2908C0350055DFE0 /* Build configuration list for PBXNativeTarget "BeRealClone" */;
			buildPhases = (
				3E62738B1E5BCB080A49A9E5 /* [CP] Check Pods Manifest.lock */,
				995A377F2908C0340055DFE0 /* Sources */,
				995A37802908C0340055DFE0 /* Frameworks */,
				995A37812908C0340055DFE0 /* Resources */,
				D4827C4AE2AD804DB9C3399D /* [CP] Embed Pods Frameworks */,
			);
			buildRules = (
			);
			dependencies = (
			);
			name = BeRealClone;
			productName = BeRealClone;
			productReference = 995A37832908C0340055DFE0 /* BeRealClone.app */;
			productType = "com.apple.product-type.application";
		};
		995A37982908C0350055DFE0 /* BeRealCloneTests */ = {
			isa = PBXNativeTarget;
			buildConfigurationList = 995A37B02908C0350055DFE0 /* Build configuration list for PBXNativeTarget "BeRealCloneTests" */;
			buildPhases = (
				995A37952908C0350055DFE0 /* Sources */,
				995A37962908C0350055DFE0 /* Frameworks */,
				995A37972908C0350055DFE0 /* Resources */,
			);
			buildRules = (
			);
			dependencies = (
				995A379B2908C0350055DFE0 /* PBXTargetDependency */,
			);
			name = BeRealCloneTests;
			productName = BeRealCloneTests;
			productReference = 995A37992908C0350055DFE0 /* BeRealCloneTests.xctest */;
			productType = "com.apple.product-type.bundle.unit-test";
		};
		995A37A22908C0350055DFE0 /* BeRealCloneUITests */ = {
			isa = PBXNativeTarget;
			buildConfigurationList = 995A37B32908C0350055DFE0 /* Build configuration list for PBXNativeTarget "BeRealCloneUITests" */;
			buildPhases = (
				995A379F2908C0350055DFE0 /* Sources */,
				995A37A02908C0350055DFE0 /* Frameworks */,
				995A37A12908C0350055DFE0 /* Resources */,
			);
			buildRules = (
			);
			dependencies = (
				995A37A52908C0350055DFE0 /* PBXTargetDependency */,
			);
			name = BeRealCloneUITests;
			productName = BeRealCloneUITests;
			productReference = 995A37A32908C0350055DFE0 /* BeRealCloneUITests.xctest */;
			productType = "com.apple.product-type.bundle.ui-testing";
		};
/* End PBXNativeTarget section */

/* Begin PBXProject section */
		995A377B2908C0340055DFE0 /* Project object */ = {
			isa = PBXProject;
			attributes = {
				BuildIndependentTargetsInParallel = 1;
				LastSwiftUpdateCheck = 1400;
				LastUpgradeCheck = 1400;
				TargetAttributes = {
					995A37822908C0340055DFE0 = {
						CreatedOnToolsVersion = 14.0;
					};
					995A37982908C0350055DFE0 = {
						CreatedOnToolsVersion = 14.0;
						TestTargetID = 995A37822908C0340055DFE0;
					};
					995A37A22908C0350055DFE0 = {
						CreatedOnToolsVersion = 14.0;
						TestTargetID = 995A37822908C0340055DFE0;
					};
				};
			};
			buildConfigurationList = 995A377E2908C0340055DFE0 /* Build configuration list for PBXProject "BeRealClone" */;
			compatibilityVersion = "Xcode 14.0";
			developmentRegion = en;
			hasScannedForEncodings = 0;
			knownRegions = (
				en,
				Base,
			);
			mainGroup = 995A377A2908C0340055DFE0;
			productRefGroup = 995A37842908C0340055DFE0 /* Products */;
			projectDirPath = "";
			projectRoot = "";
			targets = (
				995A37822908C0340055DFE0 /* BeRealClone */,
				995A37982908C0350055DFE0 /* BeRealCloneTests */,
				995A37A22908C0350055DFE0 /* BeRealCloneUITests */,
			);
		};
/* End PBXProject section */

/* Begin PBXResourcesBuildPhase section */
		995A37812908C0340055DFE0 /* Resources */ = {
			isa = PBXResourcesBuildPhase;
			buildActionMask = 2147483647;
			files = (
				995A37932908C0350055DFE0 /* LaunchScreen.storyboard in Resources */,
				995A37902908C0350055DFE0 /* Assets.xcassets in Resources */,
				995A378E2908C0340055DFE0 /* Main.storyboard in Resources */,
			);
			runOnlyForDeploymentPostprocessing = 0;
		};
		995A37972908C0350055DFE0 /* Resources */ = {
			isa = PBXResourcesBuildPhase;
			buildActionMask = 2147483647;
			files = (
			);
			runOnlyForDeploymentPostprocessing = 0;
		};
		995A37A12908C0350055DFE0 /* Resources */ = {
			isa = PBXResourcesBuildPhase;
			buildActionMask = 2147483647;
			files = (
			);
			runOnlyForDeploymentPostprocessing = 0;
		};
/* End PBXResourcesBuildPhase section */

/* Begin PBXShellScriptBuildPhase section */
		3E62738B1E5BCB080A49A9E5 /* [CP] Check Pods Manifest.lock */ = {
			isa = PBXShellScriptBuildPhase;
			buildActionMask = 2147483647;
			files = (
			);
			inputFileListPaths = (
			);
			inputPaths = (
				"${PODS_PODFILE_DIR_PATH}/Podfile.lock",
				"${PODS_ROOT}/Manifest.lock",
			);
			name = "[CP] Check Pods Manifest.lock";
			outputFileListPaths = (
			);
			outputPaths = (
				"$(DERIVED_FILE_DIR)/Pods-BeRealClone-checkManifestLockResult.txt",
			);
			runOnlyForDeploymentPostprocessing = 0;
			shellPath = /bin/sh;
			shellScript = "diff \"${PODS_PODFILE_DIR_PATH}/Podfile.lock\" \"${PODS_ROOT}/Manifest.lock\" > /dev/null\nif [ $? != 0 ] ; then\n    # print error to STDERR\n    echo \"error: The sandbox is not in sync with the Podfile.lock. Run 'pod install' or update your CocoaPods installation.\" >&2\n    exit 1\nfi\n# This output is used by Xcode 'outputs' to avoid re-running this script phase.\necho \"SUCCESS\" > \"${SCRIPT_OUTPUT_FILE_0}\"\n";
			showEnvVarsInLog = 0;
		};
		D4827C4AE2AD804DB9C3399D /* [CP] Embed Pods Frameworks */ = {
			isa = PBXShellScriptBuildPhase;
			buildActionMask = 2147483647;
			files = (
			);
			inputFileListPaths = (
				"${PODS_ROOT}/Target Support Files/Pods-BeRealClone/Pods-BeRealClone-frameworks-${CONFIGURATION}-input-files.xcfilelist",
			);
			name = "[CP] Embed Pods Frameworks";
			outputFileListPaths = (
				"${PODS_ROOT}/Target Support Files/Pods-BeRealClone/Pods-BeRealClone-frameworks-${CONFIGURATION}-output-files.xcfilelist",
			);
			runOnlyForDeploymentPostprocessing = 0;
			shellPath = /bin/sh;
			shellScript = "\"${PODS_ROOT}/Target Support Files/Pods-BeRealClone/Pods-BeRealClone-frameworks.sh\"\n";
			showEnvVarsInLog = 0;
		};
/* End PBXShellScriptBuildPhase section */

/* Begin PBXSourcesBuildPhase section */
		995A377F2908C0340055DFE0 /* Sources */ = {
			isa = PBXSourcesBuildPhase;
			buildActionMask = 2147483647;
			files = (
				995A37B72908C4CA0055DFE0 /* PostFeedViewController.swift in Sources */,
				996C7207290B6DE700988772 /* PhotoUploadViewController.swift in Sources */,
				995A378B2908C0340055DFE0 /* LoginViewController.swift in Sources */,
				99DD0BA3290E09A00047A363 /* PostCellTableViewCell.swift in Sources */,
				995A37872908C0340055DFE0 /* AppDelegate.swift in Sources */,
				995A37892908C0340055DFE0 /* SceneDelegate.swift in Sources */,
			);
			runOnlyForDeploymentPostprocessing = 0;
		};
		995A37952908C0350055DFE0 /* Sources */ = {
			isa = PBXSourcesBuildPhase;
			buildActionMask = 2147483647;
			files = (
				995A379E2908C0350055DFE0 /* BeRealCloneTests.swift in Sources */,
			);
			runOnlyForDeploymentPostprocessing = 0;
		};
		995A379F2908C0350055DFE0 /* Sources */ = {
			isa = PBXSourcesBuildPhase;
			buildActionMask = 2147483647;
			files = (
				995A37A82908C0350055DFE0 /* BeRealCloneUITests.swift in Sources */,
				995A37AA2908C0350055DFE0 /* BeRealCloneUITestsLaunchTests.swift in Sources */,
			);
			runOnlyForDeploymentPostprocessing = 0;
		};
/* End PBXSourcesBuildPhase section */

/* Begin PBXTargetDependency section */
		995A379B2908C0350055DFE0 /* PBXTargetDependency */ = {
			isa = PBXTargetDependency;
			target = 995A37822908C0340055DFE0 /* BeRealClone */;
			targetProxy = 995A379A2908C0350055DFE0 /* PBXContainerItemProxy */;
		};
		995A37A52908C0350055DFE0 /* PBXTargetDependency */ = {
			isa = PBXTargetDependency;
			target = 995A37822908C0340055DFE0 /* BeRealClone */;
			targetProxy = 995A37A42908C0350055DFE0 /* PBXContainerItemProxy */;
		};
/* End PBXTargetDependency section */

/* Begin PBXVariantGroup section */
		995A378C2908C0340055DFE0 /* Main.storyboard */ = {
			isa = PBXVariantGroup;
			children = (
				995A378D2908C0340055DFE0 /* Base */,
			);
			name = Main.storyboard;
			sourceTree = "<group>";
		};
		995A37912908C0350055DFE0 /* LaunchScreen.storyboard */ = {
			isa = PBXVariantGroup;
			children = (
				995A37922908C0350055DFE0 /* Base */,
			);
			name = LaunchScreen.storyboard;
			sourceTree = "<group>";
		};
/* End PBXVariantGroup section */

/* Begin XCBuildConfiguration section */
		995A37AB2908C0350055DFE0 /* Debug */ = {
			isa = XCBuildConfiguration;
			buildSettings = {
				ALWAYS_SEARCH_USER_PATHS = NO;
				CLANG_ANALYZER_NONNULL = YES;
				CLANG_ANALYZER_NUMBER_OBJECT_CONVERSION = YES_AGGRESSIVE;
				CLANG_CXX_LANGUAGE_STANDARD = "gnu++20";
				CLANG_ENABLE_MODULES = YES;
				CLANG_ENABLE_OBJC_ARC = YES;
				CLANG_ENABLE_OBJC_WEAK = YES;
				CLANG_WARN_BLOCK_CAPTURE_AUTORELEASING = YES;
				CLANG_WARN_BOOL_CONVERSION = YES;
				CLANG_WARN_COMMA = YES;
				CLANG_WARN_CONSTANT_CONVERSION = YES;
				CLANG_WARN_DEPRECATED_OBJC_IMPLEMENTATIONS = YES;
				CLANG_WARN_DIRECT_OBJC_ISA_USAGE = YES_ERROR;
				CLANG_WARN_DOCUMENTATION_COMMENTS = YES;
				CLANG_WARN_EMPTY_BODY = YES;
				CLANG_WARN_ENUM_CONVERSION = YES;
				CLANG_WARN_INFINITE_RECURSION = YES;
				CLANG_WARN_INT_CONVERSION = YES;
				CLANG_WARN_NON_LITERAL_NULL_CONVERSION = YES;
				CLANG_WARN_OBJC_IMPLICIT_RETAIN_SELF = YES;
				CLANG_WARN_OBJC_LITERAL_CONVERSION = YES;
				CLANG_WARN_OBJC_ROOT_CLASS = YES_ERROR;
				CLANG_WARN_QUOTED_INCLUDE_IN_FRAMEWORK_HEADER = YES;
				CLANG_WARN_RANGE_LOOP_ANALYSIS = YES;
				CLANG_WARN_STRICT_PROTOTYPES = YES;
				CLANG_WARN_SUSPICIOUS_MOVE = YES;
				CLANG_WARN_UNGUARDED_AVAILABILITY = YES_AGGRESSIVE;
				CLANG_WARN_UNREACHABLE_CODE = YES;
				CLANG_WARN__DUPLICATE_METHOD_MATCH = YES;
				COPY_PHASE_STRIP = NO;
				DEBUG_INFORMATION_FORMAT = dwarf;
				ENABLE_STRICT_OBJC_MSGSEND = YES;
				ENABLE_TESTABILITY = YES;
				GCC_C_LANGUAGE_STANDARD = gnu11;
				GCC_DYNAMIC_NO_PIC = NO;
				GCC_NO_COMMON_BLOCKS = YES;
				GCC_OPTIMIZATION_LEVEL = 0;
				GCC_PREPROCESSOR_DEFINITIONS = (
					"DEBUG=1",
					"$(inherited)",
				);
				GCC_WARN_64_TO_32_BIT_CONVERSION = YES;
				GCC_WARN_ABOUT_RETURN_TYPE = YES_ERROR;
				GCC_WARN_UNDECLARED_SELECTOR = YES;
				GCC_WARN_UNINITIALIZED_AUTOS = YES_AGGRESSIVE;
				GCC_WARN_UNUSED_FUNCTION = YES;
				GCC_WARN_UNUSED_VARIABLE = YES;
				IPHONEOS_DEPLOYMENT_TARGET = 16.0;
				MTL_ENABLE_DEBUG_INFO = INCLUDE_SOURCE;
				MTL_FAST_MATH = YES;
				ONLY_ACTIVE_ARCH = YES;
				SDKROOT = iphoneos;
				SWIFT_ACTIVE_COMPILATION_CONDITIONS = DEBUG;
				SWIFT_OPTIMIZATION_LEVEL = "-Onone";
			};
			name = Debug;
		};
		995A37AC2908C0350055DFE0 /* Release */ = {
			isa = XCBuildConfiguration;
			buildSettings = {
				ALWAYS_SEARCH_USER_PATHS = NO;
				CLANG_ANALYZER_NONNULL = YES;
				CLANG_ANALYZER_NUMBER_OBJECT_CONVERSION = YES_AGGRESSIVE;
				CLANG_CXX_LANGUAGE_STANDARD = "gnu++20";
				CLANG_ENABLE_MODULES = YES;
				CLANG_ENABLE_OBJC_ARC = YES;
				CLANG_ENABLE_OBJC_WEAK = YES;
				CLANG_WARN_BLOCK_CAPTURE_AUTORELEASING = YES;
				CLANG_WARN_BOOL_CONVERSION = YES;
				CLANG_WARN_COMMA = YES;
				CLANG_WARN_CONSTANT_CONVERSION = YES;
				CLANG_WARN_DEPRECATED_OBJC_IMPLEMENTATIONS = YES;
				CLANG_WARN_DIRECT_OBJC_ISA_USAGE = YES_ERROR;
				CLANG_WARN_DOCUMENTATION_COMMENTS = YES;
				CLANG_WARN_EMPTY_BODY = YES;
				CLANG_WARN_ENUM_CONVERSION = YES;
				CLANG_WARN_INFINITE_RECURSION = YES;
				CLANG_WARN_INT_CONVERSION = YES;
				CLANG_WARN_NON_LITERAL_NULL_CONVERSION = YES;
				CLANG_WARN_OBJC_IMPLICIT_RETAIN_SELF = YES;
				CLANG_WARN_OBJC_LITERAL_CONVERSION = YES;
				CLANG_WARN_OBJC_ROOT_CLASS = YES_ERROR;
				CLANG_WARN_QUOTED_INCLUDE_IN_FRAMEWORK_HEADER = YES;
				CLANG_WARN_RANGE_LOOP_ANALYSIS = YES;
				CLANG_WARN_STRICT_PROTOTYPES = YES;
				CLANG_WARN_SUSPICIOUS_MOVE = YES;
				CLANG_WARN_UNGUARDED_AVAILABILITY = YES_AGGRESSIVE;
				CLANG_WARN_UNREACHABLE_CODE = YES;
				CLANG_WARN__DUPLICATE_METHOD_MATCH = YES;
				COPY_PHASE_STRIP = NO;
				DEBUG_INFORMATION_FORMAT = "dwarf-with-dsym";
				ENABLE_NS_ASSERTIONS = NO;
				ENABLE_STRICT_OBJC_MSGSEND = YES;
				GCC_C_LANGUAGE_STANDARD = gnu11;
				GCC_NO_COMMON_BLOCKS = YES;
				GCC_WARN_64_TO_32_BIT_CONVERSION = YES;
				GCC_WARN_ABOUT_RETURN_TYPE = YES_ERROR;
				GCC_WARN_UNDECLARED_SELECTOR = YES;
				GCC_WARN_UNINITIALIZED_AUTOS = YES_AGGRESSIVE;
				GCC_WARN_UNUSED_FUNCTION = YES;
				GCC_WARN_UNUSED_VARIABLE = YES;
				IPHONEOS_DEPLOYMENT_TARGET = 16.0;
				MTL_ENABLE_DEBUG_INFO = NO;
				MTL_FAST_MATH = YES;
				SDKROOT = iphoneos;
				SWIFT_COMPILATION_MODE = wholemodule;
				SWIFT_OPTIMIZATION_LEVEL = "-O";
				VALIDATE_PRODUCT = YES;
			};
			name = Release;
		};
		995A37AE2908C0350055DFE0 /* Debug */ = {
			isa = XCBuildConfiguration;
			baseConfigurationReference = F18FFA5821CCA5FCE8A21C80 /* Pods-BeRealClone.debug.xcconfig */;
			buildSettings = {
				ASSETCATALOG_COMPILER_APPICON_NAME = AppIcon;
				ASSETCATALOG_COMPILER_GLOBAL_ACCENT_COLOR_NAME = AccentColor;
				CODE_SIGN_STYLE = Automatic;
				CURRENT_PROJECT_VERSION = 1;
				GENERATE_INFOPLIST_FILE = YES;
				INFOPLIST_FILE = BeRealClone/Info.plist;
				INFOPLIST_KEY_UIApplicationSupportsIndirectInputEvents = YES;
				INFOPLIST_KEY_UILaunchStoryboardName = LaunchScreen;
				INFOPLIST_KEY_UIMainStoryboardFile = Main;
				INFOPLIST_KEY_UISupportedInterfaceOrientations_iPad = "UIInterfaceOrientationPortrait UIInterfaceOrientationPortraitUpsideDown UIInterfaceOrientationLandscapeLeft UIInterfaceOrientationLandscapeRight";
				INFOPLIST_KEY_UISupportedInterfaceOrientations_iPhone = "UIInterfaceOrientationPortrait UIInterfaceOrientationLandscapeLeft UIInterfaceOrientationLandscapeRight";
				LD_RUNPATH_SEARCH_PATHS = (
					"$(inherited)",
					"@executable_path/Frameworks",
				);
				MARKETING_VERSION = 1.0;
				PRODUCT_BUNDLE_IDENTIFIER = Mari.BeRealClone;
				PRODUCT_NAME = "$(TARGET_NAME)";
				SWIFT_EMIT_LOC_STRINGS = YES;
				SWIFT_VERSION = 5.0;
				TARGETED_DEVICE_FAMILY = "1,2";
			};
			name = Debug;
		};
		995A37AF2908C0350055DFE0 /* Release */ = {
			isa = XCBuildConfiguration;
			baseConfigurationReference = 4B6AB99B949E957C61225532 /* Pods-BeRealClone.release.xcconfig */;
			buildSettings = {
				ASSETCATALOG_COMPILER_APPICON_NAME = AppIcon;
				ASSETCATALOG_COMPILER_GLOBAL_ACCENT_COLOR_NAME = AccentColor;
				CODE_SIGN_STYLE = Automatic;
				CURRENT_PROJECT_VERSION = 1;
				GENERATE_INFOPLIST_FILE = YES;
				INFOPLIST_FILE = BeRealClone/Info.plist;
				INFOPLIST_KEY_UIApplicationSupportsIndirectInputEvents = YES;
				INFOPLIST_KEY_UILaunchStoryboardName = LaunchScreen;
				INFOPLIST_KEY_UIMainStoryboardFile = Main;
				INFOPLIST_KEY_UISupportedInterfaceOrientations_iPad = "UIInterfaceOrientationPortrait UIInterfaceOrientationPortraitUpsideDown UIInterfaceOrientationLandscapeLeft UIInterfaceOrientationLandscapeRight";
				INFOPLIST_KEY_UISupportedInterfaceOrientations_iPhone = "UIInterfaceOrientationPortrait UIInterfaceOrientationLandscapeLeft UIInterfaceOrientationLandscapeRight";
				LD_RUNPATH_SEARCH_PATHS = (
					"$(inherited)",
					"@executable_path/Frameworks",
				);
				MARKETING_VERSION = 1.0;
				PRODUCT_BUNDLE_IDENTIFIER = Mari.BeRealClone;
				PRODUCT_NAME = "$(TARGET_NAME)";
				SWIFT_EMIT_LOC_STRINGS = YES;
				SWIFT_VERSION = 5.0;
				TARGETED_DEVICE_FAMILY = "1,2";
			};
			name = Release;
		};
		995A37B12908C0350055DFE0 /* Debug */ = {
			isa = XCBuildConfiguration;
			buildSettings = {
				ALWAYS_EMBED_SWIFT_STANDARD_LIBRARIES = YES;
				BUNDLE_LOADER = "$(TEST_HOST)";
				CODE_SIGN_STYLE = Automatic;
				CURRENT_PROJECT_VERSION = 1;
				GENERATE_INFOPLIST_FILE = YES;
				IPHONEOS_DEPLOYMENT_TARGET = 16.0;
				MARKETING_VERSION = 1.0;
				PRODUCT_BUNDLE_IDENTIFIER = Mari.BeRealCloneTests;
				PRODUCT_NAME = "$(TARGET_NAME)";
				SWIFT_EMIT_LOC_STRINGS = NO;
				SWIFT_VERSION = 5.0;
				TARGETED_DEVICE_FAMILY = "1,2";
				TEST_HOST = "$(BUILT_PRODUCTS_DIR)/BeRealClone.app/$(BUNDLE_EXECUTABLE_FOLDER_PATH)/BeRealClone";
			};
			name = Debug;
		};
		995A37B22908C0350055DFE0 /* Release */ = {
			isa = XCBuildConfiguration;
			buildSettings = {
				ALWAYS_EMBED_SWIFT_STANDARD_LIBRARIES = YES;
				BUNDLE_LOADER = "$(TEST_HOST)";
				CODE_SIGN_STYLE = Automatic;
				CURRENT_PROJECT_VERSION = 1;
				GENERATE_INFOPLIST_FILE = YES;
				IPHONEOS_DEPLOYMENT_TARGET = 16.0;
				MARKETING_VERSION = 1.0;
				PRODUCT_BUNDLE_IDENTIFIER = Mari.BeRealCloneTests;
				PRODUCT_NAME = "$(TARGET_NAME)";
				SWIFT_EMIT_LOC_STRINGS = NO;
				SWIFT_VERSION = 5.0;
				TARGETED_DEVICE_FAMILY = "1,2";
				TEST_HOST = "$(BUILT_PRODUCTS_DIR)/BeRealClone.app/$(BUNDLE_EXECUTABLE_FOLDER_PATH)/BeRealClone";
			};
			name = Release;
		};
		995A37B42908C0350055DFE0 /* Debug */ = {
			isa = XCBuildConfiguration;
			buildSettings = {
				ALWAYS_EMBED_SWIFT_STANDARD_LIBRARIES = YES;
				CODE_SIGN_STYLE = Automatic;
				CURRENT_PROJECT_VERSION = 1;
				GENERATE_INFOPLIST_FILE = YES;
				MARKETING_VERSION = 1.0;
				PRODUCT_BUNDLE_IDENTIFIER = Mari.BeRealCloneUITests;
				PRODUCT_NAME = "$(TARGET_NAME)";
				SWIFT_EMIT_LOC_STRINGS = NO;
				SWIFT_VERSION = 5.0;
				TARGETED_DEVICE_FAMILY = "1,2";
				TEST_TARGET_NAME = BeRealClone;
			};
			name = Debug;
		};
		995A37B52908C0350055DFE0 /* Release */ = {
			isa = XCBuildConfiguration;
			buildSettings = {
				ALWAYS_EMBED_SWIFT_STANDARD_LIBRARIES = YES;
				CODE_SIGN_STYLE = Automatic;
				CURRENT_PROJECT_VERSION = 1;
				GENERATE_INFOPLIST_FILE = YES;
				MARKETING_VERSION = 1.0;
				PRODUCT_BUNDLE_IDENTIFIER = Mari.BeRealCloneUITests;
				PRODUCT_NAME = "$(TARGET_NAME)";
				SWIFT_EMIT_LOC_STRINGS = NO;
				SWIFT_VERSION = 5.0;
				TARGETED_DEVICE_FAMILY = "1,2";
				TEST_TARGET_NAME = BeRealClone;
			};
			name = Release;
		};
/* End XCBuildConfiguration section */

/* Begin XCConfigurationList section */
		995A377E2908C0340055DFE0 /* Build configuration list for PBXProject "BeRealClone" */ = {
			isa = XCConfigurationList;
			buildConfigurations = (
				995A37AB2908C0350055DFE0 /* Debug */,
				995A37AC2908C0350055DFE0 /* Release */,
			);
			defaultConfigurationIsVisible = 0;
			defaultConfigurationName = Release;
		};
		995A37AD2908C0350055DFE0 /* Build configuration list for PBXNativeTarget "BeRealClone" */ = {
			isa = XCConfigurationList;
			buildConfigurations = (
				995A37AE2908C0350055DFE0 /* Debug */,
				995A37AF2908C0350055DFE0 /* Release */,
			);
			defaultConfigurationIsVisible = 0;
			defaultConfigurationName = Release;
		};
		995A37B02908C0350055DFE0 /* Build configuration list for PBXNativeTarget "BeRealCloneTests" */ = {
			isa = XCConfigurationList;
			buildConfigurations = (
				995A37B12908C0350055DFE0 /* Debug */,
				995A37B22908C0350055DFE0 /* Release */,
			);
			defaultConfigurationIsVisible = 0;
			defaultConfigurationName = Release;
		};
		995A37B32908C0350055DFE0 /* Build configuration list for PBXNativeTarget "BeRealCloneUITests" */ = {
			isa = XCConfigurationList;
			buildConfigurations = (
				995A37B42908C0350055DFE0 /* Debug */,
				995A37B52908C0350055DFE0 /* Release */,
			);
			defaultConfigurationIsVisible = 0;
			defaultConfigurationName = Release;
		};
/* End XCConfigurationList section */
	};
	rootObject = 995A377B2908C0340055DFE0 /* Project object */;
}
