// !$*UTF8*$!
{
	archiveVersion = 1;
	classes = {
	};
	objectVersion = 56;
	objects = {

/* Begin PBXBuildFile section */
		99D4FCDB292D8FD100CC7E99 /* AppDelegate.swift in Sources */ = {isa = PBXBuildFile; fileRef = 99D4FCDA292D8FD100CC7E99 /* AppDelegate.swift */; };
		99D4FCDD292D8FD100CC7E99 /* SceneDelegate.swift in Sources */ = {isa = PBXBuildFile; fileRef = 99D4FCDC292D8FD100CC7E99 /* SceneDelegate.swift */; };
		99D4FCDF292D8FD100CC7E99 /* ViewController.swift in Sources */ = {isa = PBXBuildFile; fileRef = 99D4FCDE292D8FD100CC7E99 /* ViewController.swift */; };
		99D4FCE2292D8FD100CC7E99 /* Main.storyboard in Resources */ = {isa = PBXBuildFile; fileRef = 99D4FCE0292D8FD100CC7E99 /* Main.storyboard */; };
		99D4FCE4292D8FD200CC7E99 /* Assets.xcassets in Resources */ = {isa = PBXBuildFile; fileRef = 99D4FCE3292D8FD200CC7E99 /* Assets.xcassets */; };
		99D4FCE7292D8FD200CC7E99 /* LaunchScreen.storyboard in Resources */ = {isa = PBXBuildFile; fileRef = 99D4FCE5292D8FD200CC7E99 /* LaunchScreen.storyboard */; };
		99D4FCF2292D8FD200CC7E99 /* ReadAppTests.swift in Sources */ = {isa = PBXBuildFile; fileRef = 99D4FCF1292D8FD200CC7E99 /* ReadAppTests.swift */; };
		99D4FCFC292D8FD200CC7E99 /* ReadAppUITests.swift in Sources */ = {isa = PBXBuildFile; fileRef = 99D4FCFB292D8FD200CC7E99 /* ReadAppUITests.swift */; };
		99D4FCFE292D8FD200CC7E99 /* ReadAppUITestsLaunchTests.swift in Sources */ = {isa = PBXBuildFile; fileRef = 99D4FCFD292D8FD200CC7E99 /* ReadAppUITestsLaunchTests.swift */; };
/* End PBXBuildFile section */

/* Begin PBXContainerItemProxy section */
		99D4FCEE292D8FD200CC7E99 /* PBXContainerItemProxy */ = {
			isa = PBXContainerItemProxy;
			containerPortal = 99D4FCCF292D8FD100CC7E99 /* Project object */;
			proxyType = 1;
			remoteGlobalIDString = 99D4FCD6292D8FD100CC7E99;
			remoteInfo = ReadApp;
		};
		99D4FCF8292D8FD200CC7E99 /* PBXContainerItemProxy */ = {
			isa = PBXContainerItemProxy;
			containerPortal = 99D4FCCF292D8FD100CC7E99 /* Project object */;
			proxyType = 1;
			remoteGlobalIDString = 99D4FCD6292D8FD100CC7E99;
			remoteInfo = ReadApp;
		};
/* End PBXContainerItemProxy section */

/* Begin PBXFileReference section */
		99D4FCD7292D8FD100CC7E99 /* ReadApp.app */ = {isa = PBXFileReference; explicitFileType = wrapper.application; includeInIndex = 0; path = ReadApp.app; sourceTree = BUILT_PRODUCTS_DIR; };
		99D4FCDA292D8FD100CC7E99 /* AppDelegate.swift */ = {isa = PBXFileReference; lastKnownFileType = sourcecode.swift; path = AppDelegate.swift; sourceTree = "<group>"; };
		99D4FCDC292D8FD100CC7E99 /* SceneDelegate.swift */ = {isa = PBXFileReference; lastKnownFileType = sourcecode.swift; path = SceneDelegate.swift; sourceTree = "<group>"; };
		99D4FCDE292D8FD100CC7E99 /* ViewController.swift */ = {isa = PBXFileReference; lastKnownFileType = sourcecode.swift; path = ViewController.swift; sourceTree = "<group>"; };
		99D4FCE1292D8FD100CC7E99 /* Base */ = {isa = PBXFileReference; lastKnownFileType = file.storyboard; name = Base; path = Base.lproj/Main.storyboard; sourceTree = "<group>"; };
		99D4FCE3292D8FD200CC7E99 /* Assets.xcassets */ = {isa = PBXFileReference; lastKnownFileType = folder.assetcatalog; path = Assets.xcassets; sourceTree = "<group>"; };
		99D4FCE6292D8FD200CC7E99 /* Base */ = {isa = PBXFileReference; lastKnownFileType = file.storyboard; name = Base; path = Base.lproj/LaunchScreen.storyboard; sourceTree = "<group>"; };
		99D4FCE8292D8FD200CC7E99 /* Info.plist */ = {isa = PBXFileReference; lastKnownFileType = text.plist.xml; path = Info.plist; sourceTree = "<group>"; };
		99D4FCED292D8FD200CC7E99 /* ReadAppTests.xctest */ = {isa = PBXFileReference; explicitFileType = wrapper.cfbundle; includeInIndex = 0; path = ReadAppTests.xctest; sourceTree = BUILT_PRODUCTS_DIR; };
		99D4FCF1292D8FD200CC7E99 /* ReadAppTests.swift */ = {isa = PBXFileReference; lastKnownFileType = sourcecode.swift; path = ReadAppTests.swift; sourceTree = "<group>"; };
		99D4FCF7292D8FD200CC7E99 /* ReadAppUITests.xctest */ = {isa = PBXFileReference; explicitFileType = wrapper.cfbundle; includeInIndex = 0; path = ReadAppUITests.xctest; sourceTree = BUILT_PRODUCTS_DIR; };
		99D4FCFB292D8FD200CC7E99 /* ReadAppUITests.swift */ = {isa = PBXFileReference; lastKnownFileType = sourcecode.swift; path = ReadAppUITests.swift; sourceTree = "<group>"; };
		99D4FCFD292D8FD200CC7E99 /* ReadAppUITestsLaunchTests.swift */ = {isa = PBXFileReference; lastKnownFileType = sourcecode.swift; path = ReadAppUITestsLaunchTests.swift; sourceTree = "<group>"; };
/* End PBXFileReference section */

/* Begin PBXFrameworksBuildPhase section */
		99D4FCD4292D8FD100CC7E99 /* Frameworks */ = {
			isa = PBXFrameworksBuildPhase;
			buildActionMask = 2147483647;
			files = (
			);
			runOnlyForDeploymentPostprocessing = 0;
		};
		99D4FCEA292D8FD200CC7E99 /* Frameworks */ = {
			isa = PBXFrameworksBuildPhase;
			buildActionMask = 2147483647;
			files = (
			);
			runOnlyForDeploymentPostprocessing = 0;
		};
		99D4FCF4292D8FD200CC7E99 /* Frameworks */ = {
			isa = PBXFrameworksBuildPhase;
			buildActionMask = 2147483647;
			files = (
			);
			runOnlyForDeploymentPostprocessing = 0;
		};
/* End PBXFrameworksBuildPhase section */

/* Begin PBXGroup section */
		99D4FCCE292D8FD100CC7E99 = {
			isa = PBXGroup;
			children = (
				99D4FCD9292D8FD100CC7E99 /* ReadApp */,
				99D4FCF0292D8FD200CC7E99 /* ReadAppTests */,
				99D4FCFA292D8FD200CC7E99 /* ReadAppUITests */,
				99D4FCD8292D8FD100CC7E99 /* Products */,
			);
			sourceTree = "<group>";
		};
		99D4FCD8292D8FD100CC7E99 /* Products */ = {
			isa = PBXGroup;
			children = (
				99D4FCD7292D8FD100CC7E99 /* ReadApp.app */,
				99D4FCED292D8FD200CC7E99 /* ReadAppTests.xctest */,
				99D4FCF7292D8FD200CC7E99 /* ReadAppUITests.xctest */,
			);
			name = Products;
			sourceTree = "<group>";
		};
		99D4FCD9292D8FD100CC7E99 /* ReadApp */ = {
			isa = PBXGroup;
			children = (
				99D4FCDA292D8FD100CC7E99 /* AppDelegate.swift */,
				99D4FCDC292D8FD100CC7E99 /* SceneDelegate.swift */,
				99D4FCDE292D8FD100CC7E99 /* ViewController.swift */,
				99D4FCE0292D8FD100CC7E99 /* Main.storyboard */,
				99D4FCE3292D8FD200CC7E99 /* Assets.xcassets */,
				99D4FCE5292D8FD200CC7E99 /* LaunchScreen.storyboard */,
				99D4FCE8292D8FD200CC7E99 /* Info.plist */,
			);
			path = ReadApp;
			sourceTree = "<group>";
		};
		99D4FCF0292D8FD200CC7E99 /* ReadAppTests */ = {
			isa = PBXGroup;
			children = (
				99D4FCF1292D8FD200CC7E99 /* ReadAppTests.swift */,
			);
			path = ReadAppTests;
			sourceTree = "<group>";
		};
		99D4FCFA292D8FD200CC7E99 /* ReadAppUITests */ = {
			isa = PBXGroup;
			children = (
				99D4FCFB292D8FD200CC7E99 /* ReadAppUITests.swift */,
				99D4FCFD292D8FD200CC7E99 /* ReadAppUITestsLaunchTests.swift */,
			);
			path = ReadAppUITests;
			sourceTree = "<group>";
		};
/* End PBXGroup section */

/* Begin PBXNativeTarget section */
		99D4FCD6292D8FD100CC7E99 /* ReadApp */ = {
			isa = PBXNativeTarget;
			buildConfigurationList = 99D4FD01292D8FD200CC7E99 /* Build configuration list for PBXNativeTarget "ReadApp" */;
			buildPhases = (
				99D4FCD3292D8FD100CC7E99 /* Sources */,
				99D4FCD4292D8FD100CC7E99 /* Frameworks */,
				99D4FCD5292D8FD100CC7E99 /* Resources */,
			);
			buildRules = (
			);
			dependencies = (
			);
			name = ReadApp;
			productName = ReadApp;
			productReference = 99D4FCD7292D8FD100CC7E99 /* ReadApp.app */;
			productType = "com.apple.product-type.application";
		};
		99D4FCEC292D8FD200CC7E99 /* ReadAppTests */ = {
			isa = PBXNativeTarget;
			buildConfigurationList = 99D4FD04292D8FD200CC7E99 /* Build configuration list for PBXNativeTarget "ReadAppTests" */;
			buildPhases = (
				99D4FCE9292D8FD200CC7E99 /* Sources */,
				99D4FCEA292D8FD200CC7E99 /* Frameworks */,
				99D4FCEB292D8FD200CC7E99 /* Resources */,
			);
			buildRules = (
			);
			dependencies = (
				99D4FCEF292D8FD200CC7E99 /* PBXTargetDependency */,
			);
			name = ReadAppTests;
			productName = ReadAppTests;
			productReference = 99D4FCED292D8FD200CC7E99 /* ReadAppTests.xctest */;
			productType = "com.apple.product-type.bundle.unit-test";
		};
		99D4FCF6292D8FD200CC7E99 /* ReadAppUITests */ = {
			isa = PBXNativeTarget;
			buildConfigurationList = 99D4FD07292D8FD200CC7E99 /* Build configuration list for PBXNativeTarget "ReadAppUITests" */;
			buildPhases = (
				99D4FCF3292D8FD200CC7E99 /* Sources */,
				99D4FCF4292D8FD200CC7E99 /* Frameworks */,
				99D4FCF5292D8FD200CC7E99 /* Resources */,
			);
			buildRules = (
			);
			dependencies = (
				99D4FCF9292D8FD200CC7E99 /* PBXTargetDependency */,
			);
			name = ReadAppUITests;
			productName = ReadAppUITests;
			productReference = 99D4FCF7292D8FD200CC7E99 /* ReadAppUITests.xctest */;
			productType = "com.apple.product-type.bundle.ui-testing";
		};
/* End PBXNativeTarget section */

/* Begin PBXProject section */
		99D4FCCF292D8FD100CC7E99 /* Project object */ = {
			isa = PBXProject;
			attributes = {
				BuildIndependentTargetsInParallel = 1;
				LastSwiftUpdateCheck = 1400;
				LastUpgradeCheck = 1400;
				TargetAttributes = {
					99D4FCD6292D8FD100CC7E99 = {
						CreatedOnToolsVersion = 14.0;
					};
					99D4FCEC292D8FD200CC7E99 = {
						CreatedOnToolsVersion = 14.0;
						TestTargetID = 99D4FCD6292D8FD100CC7E99;
					};
					99D4FCF6292D8FD200CC7E99 = {
						CreatedOnToolsVersion = 14.0;
						TestTargetID = 99D4FCD6292D8FD100CC7E99;
					};
				};
			};
			buildConfigurationList = 99D4FCD2292D8FD100CC7E99 /* Build configuration list for PBXProject "ReadApp" */;
			compatibilityVersion = "Xcode 14.0";
			developmentRegion = en;
			hasScannedForEncodings = 0;
			knownRegions = (
				en,
				Base,
			);
			mainGroup = 99D4FCCE292D8FD100CC7E99;
			productRefGroup = 99D4FCD8292D8FD100CC7E99 /* Products */;
			projectDirPath = "";
			projectRoot = "";
			targets = (
				99D4FCD6292D8FD100CC7E99 /* ReadApp */,
				99D4FCEC292D8FD200CC7E99 /* ReadAppTests */,
				99D4FCF6292D8FD200CC7E99 /* ReadAppUITests */,
			);
		};
/* End PBXProject section */

/* Begin PBXResourcesBuildPhase section */
		99D4FCD5292D8FD100CC7E99 /* Resources */ = {
			isa = PBXResourcesBuildPhase;
			buildActionMask = 2147483647;
			files = (
				99D4FCE7292D8FD200CC7E99 /* LaunchScreen.storyboard in Resources */,
				99D4FCE4292D8FD200CC7E99 /* Assets.xcassets in Resources */,
				99D4FCE2292D8FD100CC7E99 /* Main.storyboard in Resources */,
			);
			runOnlyForDeploymentPostprocessing = 0;
		};
		99D4FCEB292D8FD200CC7E99 /* Resources */ = {
			isa = PBXResourcesBuildPhase;
			buildActionMask = 2147483647;
			files = (
			);
			runOnlyForDeploymentPostprocessing = 0;
		};
		99D4FCF5292D8FD200CC7E99 /* Resources */ = {
			isa = PBXResourcesBuildPhase;
			buildActionMask = 2147483647;
			files = (
			);
			runOnlyForDeploymentPostprocessing = 0;
		};
/* End PBXResourcesBuildPhase section */

/* Begin PBXSourcesBuildPhase section */
		99D4FCD3292D8FD100CC7E99 /* Sources */ = {
			isa = PBXSourcesBuildPhase;
			buildActionMask = 2147483647;
			files = (
				99D4FCDF292D8FD100CC7E99 /* ViewController.swift in Sources */,
				99D4FCDB292D8FD100CC7E99 /* AppDelegate.swift in Sources */,
				99D4FCDD292D8FD100CC7E99 /* SceneDelegate.swift in Sources */,
			);
			runOnlyForDeploymentPostprocessing = 0;
		};
		99D4FCE9292D8FD200CC7E99 /* Sources */ = {
			isa = PBXSourcesBuildPhase;
			buildActionMask = 2147483647;
			files = (
				99D4FCF2292D8FD200CC7E99 /* ReadAppTests.swift in Sources */,
			);
			runOnlyForDeploymentPostprocessing = 0;
		};
		99D4FCF3292D8FD200CC7E99 /* Sources */ = {
			isa = PBXSourcesBuildPhase;
			buildActionMask = 2147483647;
			files = (
				99D4FCFE292D8FD200CC7E99 /* ReadAppUITestsLaunchTests.swift in Sources */,
				99D4FCFC292D8FD200CC7E99 /* ReadAppUITests.swift in Sources */,
			);
			runOnlyForDeploymentPostprocessing = 0;
		};
/* End PBXSourcesBuildPhase section */

/* Begin PBXTargetDependency section */
		99D4FCEF292D8FD200CC7E99 /* PBXTargetDependency */ = {
			isa = PBXTargetDependency;
			target = 99D4FCD6292D8FD100CC7E99 /* ReadApp */;
			targetProxy = 99D4FCEE292D8FD200CC7E99 /* PBXContainerItemProxy */;
		};
		99D4FCF9292D8FD200CC7E99 /* PBXTargetDependency */ = {
			isa = PBXTargetDependency;
			target = 99D4FCD6292D8FD100CC7E99 /* ReadApp */;
			targetProxy = 99D4FCF8292D8FD200CC7E99 /* PBXContainerItemProxy */;
		};
/* End PBXTargetDependency section */

/* Begin PBXVariantGroup section */
		99D4FCE0292D8FD100CC7E99 /* Main.storyboard */ = {
			isa = PBXVariantGroup;
			children = (
				99D4FCE1292D8FD100CC7E99 /* Base */,
			);
			name = Main.storyboard;
			sourceTree = "<group>";
		};
		99D4FCE5292D8FD200CC7E99 /* LaunchScreen.storyboard */ = {
			isa = PBXVariantGroup;
			children = (
				99D4FCE6292D8FD200CC7E99 /* Base */,
			);
			name = LaunchScreen.storyboard;
			sourceTree = "<group>";
		};
/* End PBXVariantGroup section */

/* Begin XCBuildConfiguration section */
		99D4FCFF292D8FD200CC7E99 /* Debug */ = {
			isa = XCBuildConfiguration;
			buildSettings = {
				ALWAYS_SEARCH_USER_PATHS = NO;
				CLANG_ANALYZER_NONNULL = YES;
				CLANG_ANALYZER_NUMBER_OBJECT_CONVERSION = YES_AGGRESSIVE;
				CLANG_CXX_LANGUAGE_STANDARD = "gnu++20";
				CLANG_ENABLE_MODULES = YES;
				CLANG_ENABLE_OBJC_ARC = YES;
				CLANG_ENABLE_OBJC_WEAK = YES;
				CLANG_WARN_BLOCK_CAPTURE_AUTORELEASING = YES;
				CLANG_WARN_BOOL_CONVERSION = YES;
				CLANG_WARN_COMMA = YES;
				CLANG_WARN_CONSTANT_CONVERSION = YES;
				CLANG_WARN_DEPRECATED_OBJC_IMPLEMENTATIONS = YES;
				CLANG_WARN_DIRECT_OBJC_ISA_USAGE = YES_ERROR;
				CLANG_WARN_DOCUMENTATION_COMMENTS = YES;
				CLANG_WARN_EMPTY_BODY = YES;
				CLANG_WARN_ENUM_CONVERSION = YES;
				CLANG_WARN_INFINITE_RECURSION = YES;
				CLANG_WARN_INT_CONVERSION = YES;
				CLANG_WARN_NON_LITERAL_NULL_CONVERSION = YES;
				CLANG_WARN_OBJC_IMPLICIT_RETAIN_SELF = YES;
				CLANG_WARN_OBJC_LITERAL_CONVERSION = YES;
				CLANG_WARN_OBJC_ROOT_CLASS = YES_ERROR;
				CLANG_WARN_QUOTED_INCLUDE_IN_FRAMEWORK_HEADER = YES;
				CLANG_WARN_RANGE_LOOP_ANALYSIS = YES;
				CLANG_WARN_STRICT_PROTOTYPES = YES;
				CLANG_WARN_SUSPICIOUS_MOVE = YES;
				CLANG_WARN_UNGUARDED_AVAILABILITY = YES_AGGRESSIVE;
				CLANG_WARN_UNREACHABLE_CODE = YES;
				CLANG_WARN__DUPLICATE_METHOD_MATCH = YES;
				COPY_PHASE_STRIP = NO;
				DEBUG_INFORMATION_FORMAT = dwarf;
				ENABLE_STRICT_OBJC_MSGSEND = YES;
				ENABLE_TESTABILITY = YES;
				GCC_C_LANGUAGE_STANDARD = gnu11;
				GCC_DYNAMIC_NO_PIC = NO;
				GCC_NO_COMMON_BLOCKS = YES;
				GCC_OPTIMIZATION_LEVEL = 0;
				GCC_PREPROCESSOR_DEFINITIONS = (
					"DEBUG=1",
					"$(inherited)",
				);
				GCC_WARN_64_TO_32_BIT_CONVERSION = YES;
				GCC_WARN_ABOUT_RETURN_TYPE = YES_ERROR;
				GCC_WARN_UNDECLARED_SELECTOR = YES;
				GCC_WARN_UNINITIALIZED_AUTOS = YES_AGGRESSIVE;
				GCC_WARN_UNUSED_FUNCTION = YES;
				GCC_WARN_UNUSED_VARIABLE = YES;
				IPHONEOS_DEPLOYMENT_TARGET = 16.0;
				MTL_ENABLE_DEBUG_INFO = INCLUDE_SOURCE;
				MTL_FAST_MATH = YES;
				ONLY_ACTIVE_ARCH = YES;
				SDKROOT = iphoneos;
				SWIFT_ACTIVE_COMPILATION_CONDITIONS = DEBUG;
				SWIFT_OPTIMIZATION_LEVEL = "-Onone";
			};
			name = Debug;
		};
		99D4FD00292D8FD200CC7E99 /* Release */ = {
			isa = XCBuildConfiguration;
			buildSettings = {
				ALWAYS_SEARCH_USER_PATHS = NO;
				CLANG_ANALYZER_NONNULL = YES;
				CLANG_ANALYZER_NUMBER_OBJECT_CONVERSION = YES_AGGRESSIVE;
				CLANG_CXX_LANGUAGE_STANDARD = "gnu++20";
				CLANG_ENABLE_MODULES = YES;
				CLANG_ENABLE_OBJC_ARC = YES;
				CLANG_ENABLE_OBJC_WEAK = YES;
				CLANG_WARN_BLOCK_CAPTURE_AUTORELEASING = YES;
				CLANG_WARN_BOOL_CONVERSION = YES;
				CLANG_WARN_COMMA = YES;
				CLANG_WARN_CONSTANT_CONVERSION = YES;
				CLANG_WARN_DEPRECATED_OBJC_IMPLEMENTATIONS = YES;
				CLANG_WARN_DIRECT_OBJC_ISA_USAGE = YES_ERROR;
				CLANG_WARN_DOCUMENTATION_COMMENTS = YES;
				CLANG_WARN_EMPTY_BODY = YES;
				CLANG_WARN_ENUM_CONVERSION = YES;
				CLANG_WARN_INFINITE_RECURSION = YES;
				CLANG_WARN_INT_CONVERSION = YES;
				CLANG_WARN_NON_LITERAL_NULL_CONVERSION = YES;
				CLANG_WARN_OBJC_IMPLICIT_RETAIN_SELF = YES;
				CLANG_WARN_OBJC_LITERAL_CONVERSION = YES;
				CLANG_WARN_OBJC_ROOT_CLASS = YES_ERROR;
				CLANG_WARN_QUOTED_INCLUDE_IN_FRAMEWORK_HEADER = YES;
				CLANG_WARN_RANGE_LOOP_ANALYSIS = YES;
				CLANG_WARN_STRICT_PROTOTYPES = YES;
				CLANG_WARN_SUSPICIOUS_MOVE = YES;
				CLANG_WARN_UNGUARDED_AVAILABILITY = YES_AGGRESSIVE;
				CLANG_WARN_UNREACHABLE_CODE = YES;
				CLANG_WARN__DUPLICATE_METHOD_MATCH = YES;
				COPY_PHASE_STRIP = NO;
				DEBUG_INFORMATION_FORMAT = "dwarf-with-dsym";
				ENABLE_NS_ASSERTIONS = NO;
				ENABLE_STRICT_OBJC_MSGSEND = YES;
				GCC_C_LANGUAGE_STANDARD = gnu11;
				GCC_NO_COMMON_BLOCKS = YES;
				GCC_WARN_64_TO_32_BIT_CONVERSION = YES;
				GCC_WARN_ABOUT_RETURN_TYPE = YES_ERROR;
				GCC_WARN_UNDECLARED_SELECTOR = YES;
				GCC_WARN_UNINITIALIZED_AUTOS = YES_AGGRESSIVE;
				GCC_WARN_UNUSED_FUNCTION = YES;
				GCC_WARN_UNUSED_VARIABLE = YES;
				IPHONEOS_DEPLOYMENT_TARGET = 16.0;
				MTL_ENABLE_DEBUG_INFO = NO;
				MTL_FAST_MATH = YES;
				SDKROOT = iphoneos;
				SWIFT_COMPILATION_MODE = wholemodule;
				SWIFT_OPTIMIZATION_LEVEL = "-O";
				VALIDATE_PRODUCT = YES;
			};
			name = Release;
		};
		99D4FD02292D8FD200CC7E99 /* Debug */ = {
			isa = XCBuildConfiguration;
			buildSettings = {
				ASSETCATALOG_COMPILER_APPICON_NAME = AppIcon;
				ASSETCATALOG_COMPILER_GLOBAL_ACCENT_COLOR_NAME = AccentColor;
				CODE_SIGN_STYLE = Automatic;
				CURRENT_PROJECT_VERSION = 1;
				GENERATE_INFOPLIST_FILE = YES;
				INFOPLIST_FILE = ReadApp/Info.plist;
				INFOPLIST_KEY_UIApplicationSupportsIndirectInputEvents = YES;
				INFOPLIST_KEY_UILaunchStoryboardName = LaunchScreen;
				INFOPLIST_KEY_UIMainStoryboardFile = Main;
				INFOPLIST_KEY_UISupportedInterfaceOrientations_iPad = "UIInterfaceOrientationPortrait UIInterfaceOrientationPortraitUpsideDown UIInterfaceOrientationLandscapeLeft UIInterfaceOrientationLandscapeRight";
				INFOPLIST_KEY_UISupportedInterfaceOrientations_iPhone = "UIInterfaceOrientationPortrait UIInterfaceOrientationLandscapeLeft UIInterfaceOrientationLandscapeRight";
				LD_RUNPATH_SEARCH_PATHS = (
					"$(inherited)",
					"@executable_path/Frameworks",
				);
				MARKETING_VERSION = 1.0;
				PRODUCT_BUNDLE_IDENTIFIER = CodePath.iOS102.ReadApp;
				PRODUCT_NAME = "$(TARGET_NAME)";
				SWIFT_EMIT_LOC_STRINGS = YES;
				SWIFT_VERSION = 5.0;
				TARGETED_DEVICE_FAMILY = "1,2";
			};
			name = Debug;
		};
		99D4FD03292D8FD200CC7E99 /* Release */ = {
			isa = XCBuildConfiguration;
			buildSettings = {
				ASSETCATALOG_COMPILER_APPICON_NAME = AppIcon;
				ASSETCATALOG_COMPILER_GLOBAL_ACCENT_COLOR_NAME = AccentColor;
				CODE_SIGN_STYLE = Automatic;
				CURRENT_PROJECT_VERSION = 1;
				GENERATE_INFOPLIST_FILE = YES;
				INFOPLIST_FILE = ReadApp/Info.plist;
				INFOPLIST_KEY_UIApplicationSupportsIndirectInputEvents = YES;
				INFOPLIST_KEY_UILaunchStoryboardName = LaunchScreen;
				INFOPLIST_KEY_UIMainStoryboardFile = Main;
				INFOPLIST_KEY_UISupportedInterfaceOrientations_iPad = "UIInterfaceOrientationPortrait UIInterfaceOrientationPortraitUpsideDown UIInterfaceOrientationLandscapeLeft UIInterfaceOrientationLandscapeRight";
				INFOPLIST_KEY_UISupportedInterfaceOrientations_iPhone = "UIInterfaceOrientationPortrait UIInterfaceOrientationLandscapeLeft UIInterfaceOrientationLandscapeRight";
				LD_RUNPATH_SEARCH_PATHS = (
					"$(inherited)",
					"@executable_path/Frameworks",
				);
				MARKETING_VERSION = 1.0;
				PRODUCT_BUNDLE_IDENTIFIER = CodePath.iOS102.ReadApp;
				PRODUCT_NAME = "$(TARGET_NAME)";
				SWIFT_EMIT_LOC_STRINGS = YES;
				SWIFT_VERSION = 5.0;
				TARGETED_DEVICE_FAMILY = "1,2";
			};
			name = Release;
		};
		99D4FD05292D8FD200CC7E99 /* Debug */ = {
			isa = XCBuildConfiguration;
			buildSettings = {
				ALWAYS_EMBED_SWIFT_STANDARD_LIBRARIES = YES;
				BUNDLE_LOADER = "$(TEST_HOST)";
				CODE_SIGN_STYLE = Automatic;
				CURRENT_PROJECT_VERSION = 1;
				GENERATE_INFOPLIST_FILE = YES;
				IPHONEOS_DEPLOYMENT_TARGET = 16.0;
				MARKETING_VERSION = 1.0;
				PRODUCT_BUNDLE_IDENTIFIER = CodePath.iOS102.ReadAppTests;
				PRODUCT_NAME = "$(TARGET_NAME)";
				SWIFT_EMIT_LOC_STRINGS = NO;
				SWIFT_VERSION = 5.0;
				TARGETED_DEVICE_FAMILY = "1,2";
				TEST_HOST = "$(BUILT_PRODUCTS_DIR)/ReadApp.app/$(BUNDLE_EXECUTABLE_FOLDER_PATH)/ReadApp";
			};
			name = Debug;
		};
		99D4FD06292D8FD200CC7E99 /* Release */ = {
			isa = XCBuildConfiguration;
			buildSettings = {
				ALWAYS_EMBED_SWIFT_STANDARD_LIBRARIES = YES;
				BUNDLE_LOADER = "$(TEST_HOST)";
				CODE_SIGN_STYLE = Automatic;
				CURRENT_PROJECT_VERSION = 1;
				GENERATE_INFOPLIST_FILE = YES;
				IPHONEOS_DEPLOYMENT_TARGET = 16.0;
				MARKETING_VERSION = 1.0;
				PRODUCT_BUNDLE_IDENTIFIER = CodePath.iOS102.ReadAppTests;
				PRODUCT_NAME = "$(TARGET_NAME)";
				SWIFT_EMIT_LOC_STRINGS = NO;
				SWIFT_VERSION = 5.0;
				TARGETED_DEVICE_FAMILY = "1,2";
				TEST_HOST = "$(BUILT_PRODUCTS_DIR)/ReadApp.app/$(BUNDLE_EXECUTABLE_FOLDER_PATH)/ReadApp";
			};
			name = Release;
		};
		99D4FD08292D8FD200CC7E99 /* Debug */ = {
			isa = XCBuildConfiguration;
			buildSettings = {
				ALWAYS_EMBED_SWIFT_STANDARD_LIBRARIES = YES;
				CODE_SIGN_STYLE = Automatic;
				CURRENT_PROJECT_VERSION = 1;
				GENERATE_INFOPLIST_FILE = YES;
				MARKETING_VERSION = 1.0;
				PRODUCT_BUNDLE_IDENTIFIER = CodePath.iOS102.ReadAppUITests;
				PRODUCT_NAME = "$(TARGET_NAME)";
				SWIFT_EMIT_LOC_STRINGS = NO;
				SWIFT_VERSION = 5.0;
				TARGETED_DEVICE_FAMILY = "1,2";
				TEST_TARGET_NAME = ReadApp;
			};
			name = Debug;
		};
		99D4FD09292D8FD200CC7E99 /* Release */ = {
			isa = XCBuildConfiguration;
			buildSettings = {
				ALWAYS_EMBED_SWIFT_STANDARD_LIBRARIES = YES;
				CODE_SIGN_STYLE = Automatic;
				CURRENT_PROJECT_VERSION = 1;
				GENERATE_INFOPLIST_FILE = YES;
				MARKETING_VERSION = 1.0;
				PRODUCT_BUNDLE_IDENTIFIER = CodePath.iOS102.ReadAppUITests;
				PRODUCT_NAME = "$(TARGET_NAME)";
				SWIFT_EMIT_LOC_STRINGS = NO;
				SWIFT_VERSION = 5.0;
				TARGETED_DEVICE_FAMILY = "1,2";
				TEST_TARGET_NAME = ReadApp;
			};
			name = Release;
		};
/* End XCBuildConfiguration section */

/* Begin XCConfigurationList section */
		99D4FCD2292D8FD100CC7E99 /* Build configuration list for PBXProject "ReadApp" */ = {
			isa = XCConfigurationList;
			buildConfigurations = (
				99D4FCFF292D8FD200CC7E99 /* Debug */,
				99D4FD00292D8FD200CC7E99 /* Release */,
			);
			defaultConfigurationIsVisible = 0;
			defaultConfigurationName = Release;
		};
		99D4FD01292D8FD200CC7E99 /* Build configuration list for PBXNativeTarget "ReadApp" */ = {
			isa = XCConfigurationList;
			buildConfigurations = (
				99D4FD02292D8FD200CC7E99 /* Debug */,
				99D4FD03292D8FD200CC7E99 /* Release */,
			);
			defaultConfigurationIsVisible = 0;
			defaultConfigurationName = Release;
		};
		99D4FD04292D8FD200CC7E99 /* Build configuration list for PBXNativeTarget "ReadAppTests" */ = {
			isa = XCConfigurationList;
			buildConfigurations = (
				99D4FD05292D8FD200CC7E99 /* Debug */,
				99D4FD06292D8FD200CC7E99 /* Release */,
			);
			defaultConfigurationIsVisible = 0;
			defaultConfigurationName = Release;
		};
		99D4FD07292D8FD200CC7E99 /* Build configuration list for PBXNativeTarget "ReadAppUITests" */ = {
			isa = XCConfigurationList;
			buildConfigurations = (
				99D4FD08292D8FD200CC7E99 /* Debug */,
				99D4FD09292D8FD200CC7E99 /* Release */,
			);
			defaultConfigurationIsVisible = 0;
			defaultConfigurationName = Release;
		};
/* End XCConfigurationList section */
	};
	rootObject = 99D4FCCF292D8FD100CC7E99 /* Project object */;
}
