// !$*UTF8*$!
{
	archiveVersion = 1;
	classes = {
	};
	objectVersion = 56;
	objects = {

/* Begin PBXBuildFile section */
		9943C73E292E97E400AF4DEA /* MovieDetailsViewController.swift in Sources */ = {isa = PBXBuildFile; fileRef = 9943C73D292E97E400AF4DEA /* MovieDetailsViewController.swift */; };
		9943C740292E984500AF4DEA /* MovieTableViewCell.swift in Sources */ = {isa = PBXBuildFile; fileRef = 9943C73F292E984500AF4DEA /* MovieTableViewCell.swift */; };
		99D0960E292EADC3001C5ED5 /* AlamofireImage in Frameworks */ = {isa = PBXBuildFile; productRef = 99D0960D292EADC3001C5ED5 /* AlamofireImage */; };
		99D09610292EE556001C5ED5 /* PostersViewController.swift in Sources */ = {isa = PBXBuildFile; fileRef = 99D0960F292EE556001C5ED5 /* PostersViewController.swift */; };
		99D09612292EE61C001C5ED5 /* MovieAPI.swift in Sources */ = {isa = PBXBuildFile; fileRef = 99D09611292EE61C001C5ED5 /* MovieAPI.swift */; };
		99D4FD17292D94D000CC7E99 /* AppDelegate.swift in Sources */ = {isa = PBXBuildFile; fileRef = 99D4FD16292D94D000CC7E99 /* AppDelegate.swift */; };
		99D4FD19292D94D000CC7E99 /* SceneDelegate.swift in Sources */ = {isa = PBXBuildFile; fileRef = 99D4FD18292D94D000CC7E99 /* SceneDelegate.swift */; };
		99D4FD1B292D94D000CC7E99 /* MoviesViewController.swift in Sources */ = {isa = PBXBuildFile; fileRef = 99D4FD1A292D94D000CC7E99 /* MoviesViewController.swift */; };
		99D4FD1E292D94D000CC7E99 /* Main.storyboard in Resources */ = {isa = PBXBuildFile; fileRef = 99D4FD1C292D94D000CC7E99 /* Main.storyboard */; };
		99D4FD20292D94D200CC7E99 /* Assets.xcassets in Resources */ = {isa = PBXBuildFile; fileRef = 99D4FD1F292D94D200CC7E99 /* Assets.xcassets */; };
		99D4FD23292D94D200CC7E99 /* LaunchScreen.storyboard in Resources */ = {isa = PBXBuildFile; fileRef = 99D4FD21292D94D200CC7E99 /* LaunchScreen.storyboard */; };
		99D4FD2E292D94D200CC7E99 /* FlixsterTests.swift in Sources */ = {isa = PBXBuildFile; fileRef = 99D4FD2D292D94D200CC7E99 /* FlixsterTests.swift */; };
		99D4FD38292D94D200CC7E99 /* FlixsterUITests.swift in Sources */ = {isa = PBXBuildFile; fileRef = 99D4FD37292D94D200CC7E99 /* FlixsterUITests.swift */; };
		99D4FD3A292D94D200CC7E99 /* FlixsterUITestsLaunchTests.swift in Sources */ = {isa = PBXBuildFile; fileRef = 99D4FD39292D94D200CC7E99 /* FlixsterUITestsLaunchTests.swift */; };
		99D4FD47292D94FD00CC7E99 /* Movie.swift in Sources */ = {isa = PBXBuildFile; fileRef = 99D4FD46292D94FD00CC7E99 /* Movie.swift */; };
/* End PBXBuildFile section */

/* Begin PBXContainerItemProxy section */
		99D4FD2A292D94D200CC7E99 /* PBXContainerItemProxy */ = {
			isa = PBXContainerItemProxy;
			containerPortal = 99D4FD0B292D94D000CC7E99 /* Project object */;
			proxyType = 1;
			remoteGlobalIDString = 99D4FD12292D94D000CC7E99;
			remoteInfo = Flixster;
		};
		99D4FD34292D94D200CC7E99 /* PBXContainerItemProxy */ = {
			isa = PBXContainerItemProxy;
			containerPortal = 99D4FD0B292D94D000CC7E99 /* Project object */;
			proxyType = 1;
			remoteGlobalIDString = 99D4FD12292D94D000CC7E99;
			remoteInfo = Flixster;
		};
/* End PBXContainerItemProxy section */

/* Begin PBXFileReference section */
		9943C73D292E97E400AF4DEA /* MovieDetailsViewController.swift */ = {isa = PBXFileReference; lastKnownFileType = sourcecode.swift; path = MovieDetailsViewController.swift; sourceTree = "<group>"; };
		9943C73F292E984500AF4DEA /* MovieTableViewCell.swift */ = {isa = PBXFileReference; lastKnownFileType = sourcecode.swift; path = MovieTableViewCell.swift; sourceTree = "<group>"; };
		99D0960F292EE556001C5ED5 /* PostersViewController.swift */ = {isa = PBXFileReference; lastKnownFileType = sourcecode.swift; path = PostersViewController.swift; sourceTree = "<group>"; };
		99D09611292EE61C001C5ED5 /* MovieAPI.swift */ = {isa = PBXFileReference; lastKnownFileType = sourcecode.swift; path = MovieAPI.swift; sourceTree = "<group>"; };
		99D4FD13292D94D000CC7E99 /* Flixster.app */ = {isa = PBXFileReference; explicitFileType = wrapper.application; includeInIndex = 0; path = Flixster.app; sourceTree = BUILT_PRODUCTS_DIR; };
		99D4FD16292D94D000CC7E99 /* AppDelegate.swift */ = {isa = PBXFileReference; lastKnownFileType = sourcecode.swift; path = AppDelegate.swift; sourceTree = "<group>"; };
		99D4FD18292D94D000CC7E99 /* SceneDelegate.swift */ = {isa = PBXFileReference; lastKnownFileType = sourcecode.swift; path = SceneDelegate.swift; sourceTree = "<group>"; };
		99D4FD1A292D94D000CC7E99 /* MoviesViewController.swift */ = {isa = PBXFileReference; lastKnownFileType = sourcecode.swift; path = MoviesViewController.swift; sourceTree = "<group>"; };
		99D4FD1D292D94D000CC7E99 /* Base */ = {isa = PBXFileReference; lastKnownFileType = file.storyboard; name = Base; path = Base.lproj/Main.storyboard; sourceTree = "<group>"; };
		99D4FD1F292D94D200CC7E99 /* Assets.xcassets */ = {isa = PBXFileReference; lastKnownFileType = folder.assetcatalog; path = Assets.xcassets; sourceTree = "<group>"; };
		99D4FD22292D94D200CC7E99 /* Base */ = {isa = PBXFileReference; lastKnownFileType = file.storyboard; name = Base; path = Base.lproj/LaunchScreen.storyboard; sourceTree = "<group>"; };
		99D4FD24292D94D200CC7E99 /* Info.plist */ = {isa = PBXFileReference; lastKnownFileType = text.plist.xml; path = Info.plist; sourceTree = "<group>"; };
		99D4FD29292D94D200CC7E99 /* FlixsterTests.xctest */ = {isa = PBXFileReference; explicitFileType = wrapper.cfbundle; includeInIndex = 0; path = FlixsterTests.xctest; sourceTree = BUILT_PRODUCTS_DIR; };
		99D4FD2D292D94D200CC7E99 /* FlixsterTests.swift */ = {isa = PBXFileReference; lastKnownFileType = sourcecode.swift; path = FlixsterTests.swift; sourceTree = "<group>"; };
		99D4FD33292D94D200CC7E99 /* FlixsterUITests.xctest */ = {isa = PBXFileReference; explicitFileType = wrapper.cfbundle; includeInIndex = 0; path = FlixsterUITests.xctest; sourceTree = BUILT_PRODUCTS_DIR; };
		99D4FD37292D94D200CC7E99 /* FlixsterUITests.swift */ = {isa = PBXFileReference; lastKnownFileType = sourcecode.swift; path = FlixsterUITests.swift; sourceTree = "<group>"; };
		99D4FD39292D94D200CC7E99 /* FlixsterUITestsLaunchTests.swift */ = {isa = PBXFileReference; lastKnownFileType = sourcecode.swift; path = FlixsterUITestsLaunchTests.swift; sourceTree = "<group>"; };
		99D4FD46292D94FD00CC7E99 /* Movie.swift */ = {isa = PBXFileReference; lastKnownFileType = sourcecode.swift; path = Movie.swift; sourceTree = "<group>"; };
/* End PBXFileReference section */

/* Begin PBXFrameworksBuildPhase section */
		99D4FD10292D94D000CC7E99 /* Frameworks */ = {
			isa = PBXFrameworksBuildPhase;
			buildActionMask = 2147483647;
			files = (
				99D0960E292EADC3001C5ED5 /* AlamofireImage in Frameworks */,
			);
			runOnlyForDeploymentPostprocessing = 0;
		};
		99D4FD26292D94D200CC7E99 /* Frameworks */ = {
			isa = PBXFrameworksBuildPhase;
			buildActionMask = 2147483647;
			files = (
			);
			runOnlyForDeploymentPostprocessing = 0;
		};
		99D4FD30292D94D200CC7E99 /* Frameworks */ = {
			isa = PBXFrameworksBuildPhase;
			buildActionMask = 2147483647;
			files = (
			);
			runOnlyForDeploymentPostprocessing = 0;
		};
/* End PBXFrameworksBuildPhase section */

/* Begin PBXGroup section */
		99D4FD0A292D94D000CC7E99 = {
			isa = PBXGroup;
			children = (
				99D4FD15292D94D000CC7E99 /* Flixster */,
				99D4FD2C292D94D200CC7E99 /* FlixsterTests */,
				99D4FD36292D94D200CC7E99 /* FlixsterUITests */,
				99D4FD14292D94D000CC7E99 /* Products */,
			);
			sourceTree = "<group>";
		};
		99D4FD14292D94D000CC7E99 /* Products */ = {
			isa = PBXGroup;
			children = (
				99D4FD13292D94D000CC7E99 /* Flixster.app */,
				99D4FD29292D94D200CC7E99 /* FlixsterTests.xctest */,
				99D4FD33292D94D200CC7E99 /* FlixsterUITests.xctest */,
			);
			name = Products;
			sourceTree = "<group>";
		};
		99D4FD15292D94D000CC7E99 /* Flixster */ = {
			isa = PBXGroup;
			children = (
				99D4FD16292D94D000CC7E99 /* AppDelegate.swift */,
				99D4FD18292D94D000CC7E99 /* SceneDelegate.swift */,
				99D4FD1A292D94D000CC7E99 /* MoviesViewController.swift */,
				9943C73F292E984500AF4DEA /* MovieTableViewCell.swift */,
				9943C73D292E97E400AF4DEA /* MovieDetailsViewController.swift */,
				99D0960F292EE556001C5ED5 /* PostersViewController.swift */,
				99D09611292EE61C001C5ED5 /* MovieAPI.swift */,
				99D4FD46292D94FD00CC7E99 /* Movie.swift */,
				99D4FD1C292D94D000CC7E99 /* Main.storyboard */,
				99D4FD1F292D94D200CC7E99 /* Assets.xcassets */,
				99D4FD21292D94D200CC7E99 /* LaunchScreen.storyboard */,
				99D4FD24292D94D200CC7E99 /* Info.plist */,
			);
			path = Flixster;
			sourceTree = "<group>";
		};
		99D4FD2C292D94D200CC7E99 /* FlixsterTests */ = {
			isa = PBXGroup;
			children = (
				99D4FD2D292D94D200CC7E99 /* FlixsterTests.swift */,
			);
			path = FlixsterTests;
			sourceTree = "<group>";
		};
		99D4FD36292D94D200CC7E99 /* FlixsterUITests */ = {
			isa = PBXGroup;
			children = (
				99D4FD37292D94D200CC7E99 /* FlixsterUITests.swift */,
				99D4FD39292D94D200CC7E99 /* FlixsterUITestsLaunchTests.swift */,
			);
			path = FlixsterUITests;
			sourceTree = "<group>";
		};
/* End PBXGroup section */

/* Begin PBXNativeTarget section */
		99D4FD12292D94D000CC7E99 /* Flixster */ = {
			isa = PBXNativeTarget;
			buildConfigurationList = 99D4FD3D292D94D200CC7E99 /* Build configuration list for PBXNativeTarget "Flixster" */;
			buildPhases = (
				99D4FD0F292D94D000CC7E99 /* Sources */,
				99D4FD10292D94D000CC7E99 /* Frameworks */,
				99D4FD11292D94D000CC7E99 /* Resources */,
			);
			buildRules = (
			);
			dependencies = (
			);
			name = Flixster;
			packageProductDependencies = (
				99D0960D292EADC3001C5ED5 /* AlamofireImage */,
			);
			productName = Flixster;
			productReference = 99D4FD13292D94D000CC7E99 /* Flixster.app */;
			productType = "com.apple.product-type.application";
		};
		99D4FD28292D94D200CC7E99 /* FlixsterTests */ = {
			isa = PBXNativeTarget;
			buildConfigurationList = 99D4FD40292D94D200CC7E99 /* Build configuration list for PBXNativeTarget "FlixsterTests" */;
			buildPhases = (
				99D4FD25292D94D200CC7E99 /* Sources */,
				99D4FD26292D94D200CC7E99 /* Frameworks */,
				99D4FD27292D94D200CC7E99 /* Resources */,
			);
			buildRules = (
			);
			dependencies = (
				99D4FD2B292D94D200CC7E99 /* PBXTargetDependency */,
			);
			name = FlixsterTests;
			productName = FlixsterTests;
			productReference = 99D4FD29292D94D200CC7E99 /* FlixsterTests.xctest */;
			productType = "com.apple.product-type.bundle.unit-test";
		};
		99D4FD32292D94D200CC7E99 /* FlixsterUITests */ = {
			isa = PBXNativeTarget;
			buildConfigurationList = 99D4FD43292D94D200CC7E99 /* Build configuration list for PBXNativeTarget "FlixsterUITests" */;
			buildPhases = (
				99D4FD2F292D94D200CC7E99 /* Sources */,
				99D4FD30292D94D200CC7E99 /* Frameworks */,
				99D4FD31292D94D200CC7E99 /* Resources */,
			);
			buildRules = (
			);
			dependencies = (
				99D4FD35292D94D200CC7E99 /* PBXTargetDependency */,
			);
			name = FlixsterUITests;
			productName = FlixsterUITests;
			productReference = 99D4FD33292D94D200CC7E99 /* FlixsterUITests.xctest */;
			productType = "com.apple.product-type.bundle.ui-testing";
		};
/* End PBXNativeTarget section */

/* Begin PBXProject section */
		99D4FD0B292D94D000CC7E99 /* Project object */ = {
			isa = PBXProject;
			attributes = {
				BuildIndependentTargetsInParallel = 1;
				LastSwiftUpdateCheck = 1400;
				LastUpgradeCheck = 1400;
				TargetAttributes = {
					99D4FD12292D94D000CC7E99 = {
						CreatedOnToolsVersion = 14.0;
					};
					99D4FD28292D94D200CC7E99 = {
						CreatedOnToolsVersion = 14.0;
						TestTargetID = 99D4FD12292D94D000CC7E99;
					};
					99D4FD32292D94D200CC7E99 = {
						CreatedOnToolsVersion = 14.0;
						TestTargetID = 99D4FD12292D94D000CC7E99;
					};
				};
			};
			buildConfigurationList = 99D4FD0E292D94D000CC7E99 /* Build configuration list for PBXProject "Flixster" */;
			compatibilityVersion = "Xcode 14.0";
			developmentRegion = en;
			hasScannedForEncodings = 0;
			knownRegions = (
				en,
				Base,
			);
			mainGroup = 99D4FD0A292D94D000CC7E99;
			packageReferences = (
				99D0960C292EADC3001C5ED5 /* XCRemoteSwiftPackageReference "AlamofireImage" */,
			);
			productRefGroup = 99D4FD14292D94D000CC7E99 /* Products */;
			projectDirPath = "";
			projectRoot = "";
			targets = (
				99D4FD12292D94D000CC7E99 /* Flixster */,
				99D4FD28292D94D200CC7E99 /* FlixsterTests */,
				99D4FD32292D94D200CC7E99 /* FlixsterUITests */,
			);
		};
/* End PBXProject section */

/* Begin PBXResourcesBuildPhase section */
		99D4FD11292D94D000CC7E99 /* Resources */ = {
			isa = PBXResourcesBuildPhase;
			buildActionMask = 2147483647;
			files = (
				99D4FD23292D94D200CC7E99 /* LaunchScreen.storyboard in Resources */,
				99D4FD20292D94D200CC7E99 /* Assets.xcassets in Resources */,
				99D4FD1E292D94D000CC7E99 /* Main.storyboard in Resources */,
			);
			runOnlyForDeploymentPostprocessing = 0;
		};
		99D4FD27292D94D200CC7E99 /* Resources */ = {
			isa = PBXResourcesBuildPhase;
			buildActionMask = 2147483647;
			files = (
			);
			runOnlyForDeploymentPostprocessing = 0;
		};
		99D4FD31292D94D200CC7E99 /* Resources */ = {
			isa = PBXResourcesBuildPhase;
			buildActionMask = 2147483647;
			files = (
			);
			runOnlyForDeploymentPostprocessing = 0;
		};
/* End PBXResourcesBuildPhase section */

/* Begin PBXSourcesBuildPhase section */
		99D4FD0F292D94D000CC7E99 /* Sources */ = {
			isa = PBXSourcesBuildPhase;
			buildActionMask = 2147483647;
			files = (
				9943C73E292E97E400AF4DEA /* MovieDetailsViewController.swift in Sources */,
				99D4FD1B292D94D000CC7E99 /* MoviesViewController.swift in Sources */,
				9943C740292E984500AF4DEA /* MovieTableViewCell.swift in Sources */,
				99D09612292EE61C001C5ED5 /* MovieAPI.swift in Sources */,
				99D4FD17292D94D000CC7E99 /* AppDelegate.swift in Sources */,
				99D4FD47292D94FD00CC7E99 /* Movie.swift in Sources */,
				99D09610292EE556001C5ED5 /* PostersViewController.swift in Sources */,
				99D4FD19292D94D000CC7E99 /* SceneDelegate.swift in Sources */,
			);
			runOnlyForDeploymentPostprocessing = 0;
		};
		99D4FD25292D94D200CC7E99 /* Sources */ = {
			isa = PBXSourcesBuildPhase;
			buildActionMask = 2147483647;
			files = (
				99D4FD2E292D94D200CC7E99 /* FlixsterTests.swift in Sources */,
			);
			runOnlyForDeploymentPostprocessing = 0;
		};
		99D4FD2F292D94D200CC7E99 /* Sources */ = {
			isa = PBXSourcesBuildPhase;
			buildActionMask = 2147483647;
			files = (
				99D4FD3A292D94D200CC7E99 /* FlixsterUITestsLaunchTests.swift in Sources */,
				99D4FD38292D94D200CC7E99 /* FlixsterUITests.swift in Sources */,
			);
			runOnlyForDeploymentPostprocessing = 0;
		};
/* End PBXSourcesBuildPhase section */

/* Begin PBXTargetDependency section */
		99D4FD2B292D94D200CC7E99 /* PBXTargetDependency */ = {
			isa = PBXTargetDependency;
			target = 99D4FD12292D94D000CC7E99 /* Flixster */;
			targetProxy = 99D4FD2A292D94D200CC7E99 /* PBXContainerItemProxy */;
		};
		99D4FD35292D94D200CC7E99 /* PBXTargetDependency */ = {
			isa = PBXTargetDependency;
			target = 99D4FD12292D94D000CC7E99 /* Flixster */;
			targetProxy = 99D4FD34292D94D200CC7E99 /* PBXContainerItemProxy */;
		};
/* End PBXTargetDependency section */

/* Begin PBXVariantGroup section */
		99D4FD1C292D94D000CC7E99 /* Main.storyboard */ = {
			isa = PBXVariantGroup;
			children = (
				99D4FD1D292D94D000CC7E99 /* Base */,
			);
			name = Main.storyboard;
			sourceTree = "<group>";
		};
		99D4FD21292D94D200CC7E99 /* LaunchScreen.storyboard */ = {
			isa = PBXVariantGroup;
			children = (
				99D4FD22292D94D200CC7E99 /* Base */,
			);
			name = LaunchScreen.storyboard;
			sourceTree = "<group>";
		};
/* End PBXVariantGroup section */

/* Begin XCBuildConfiguration section */
		99D4FD3B292D94D200CC7E99 /* Debug */ = {
			isa = XCBuildConfiguration;
			buildSettings = {
				ALWAYS_SEARCH_USER_PATHS = NO;
				CLANG_ANALYZER_NONNULL = YES;
				CLANG_ANALYZER_NUMBER_OBJECT_CONVERSION = YES_AGGRESSIVE;
				CLANG_CXX_LANGUAGE_STANDARD = "gnu++20";
				CLANG_ENABLE_MODULES = YES;
				CLANG_ENABLE_OBJC_ARC = YES;
				CLANG_ENABLE_OBJC_WEAK = YES;
				CLANG_WARN_BLOCK_CAPTURE_AUTORELEASING = YES;
				CLANG_WARN_BOOL_CONVERSION = YES;
				CLANG_WARN_COMMA = YES;
				CLANG_WARN_CONSTANT_CONVERSION = YES;
				CLANG_WARN_DEPRECATED_OBJC_IMPLEMENTATIONS = YES;
				CLANG_WARN_DIRECT_OBJC_ISA_USAGE = YES_ERROR;
				CLANG_WARN_DOCUMENTATION_COMMENTS = YES;
				CLANG_WARN_EMPTY_BODY = YES;
				CLANG_WARN_ENUM_CONVERSION = YES;
				CLANG_WARN_INFINITE_RECURSION = YES;
				CLANG_WARN_INT_CONVERSION = YES;
				CLANG_WARN_NON_LITERAL_NULL_CONVERSION = YES;
				CLANG_WARN_OBJC_IMPLICIT_RETAIN_SELF = YES;
				CLANG_WARN_OBJC_LITERAL_CONVERSION = YES;
				CLANG_WARN_OBJC_ROOT_CLASS = YES_ERROR;
				CLANG_WARN_QUOTED_INCLUDE_IN_FRAMEWORK_HEADER = YES;
				CLANG_WARN_RANGE_LOOP_ANALYSIS = YES;
				CLANG_WARN_STRICT_PROTOTYPES = YES;
				CLANG_WARN_SUSPICIOUS_MOVE = YES;
				CLANG_WARN_UNGUARDED_AVAILABILITY = YES_AGGRESSIVE;
				CLANG_WARN_UNREACHABLE_CODE = YES;
				CLANG_WARN__DUPLICATE_METHOD_MATCH = YES;
				COPY_PHASE_STRIP = NO;
				DEBUG_INFORMATION_FORMAT = dwarf;
				ENABLE_STRICT_OBJC_MSGSEND = YES;
				ENABLE_TESTABILITY = YES;
				GCC_C_LANGUAGE_STANDARD = gnu11;
				GCC_DYNAMIC_NO_PIC = NO;
				GCC_NO_COMMON_BLOCKS = YES;
				GCC_OPTIMIZATION_LEVEL = 0;
				GCC_PREPROCESSOR_DEFINITIONS = (
					"DEBUG=1",
					"$(inherited)",
				);
				GCC_WARN_64_TO_32_BIT_CONVERSION = YES;
				GCC_WARN_ABOUT_RETURN_TYPE = YES_ERROR;
				GCC_WARN_UNDECLARED_SELECTOR = YES;
				GCC_WARN_UNINITIALIZED_AUTOS = YES_AGGRESSIVE;
				GCC_WARN_UNUSED_FUNCTION = YES;
				GCC_WARN_UNUSED_VARIABLE = YES;
				IPHONEOS_DEPLOYMENT_TARGET = 16.0;
				MTL_ENABLE_DEBUG_INFO = INCLUDE_SOURCE;
				MTL_FAST_MATH = YES;
				ONLY_ACTIVE_ARCH = YES;
				SDKROOT = iphoneos;
				SWIFT_ACTIVE_COMPILATION_CONDITIONS = DEBUG;
				SWIFT_OPTIMIZATION_LEVEL = "-Onone";
			};
			name = Debug;
		};
		99D4FD3C292D94D200CC7E99 /* Release */ = {
			isa = XCBuildConfiguration;
			buildSettings = {
				ALWAYS_SEARCH_USER_PATHS = NO;
				CLANG_ANALYZER_NONNULL = YES;
				CLANG_ANALYZER_NUMBER_OBJECT_CONVERSION = YES_AGGRESSIVE;
				CLANG_CXX_LANGUAGE_STANDARD = "gnu++20";
				CLANG_ENABLE_MODULES = YES;
				CLANG_ENABLE_OBJC_ARC = YES;
				CLANG_ENABLE_OBJC_WEAK = YES;
				CLANG_WARN_BLOCK_CAPTURE_AUTORELEASING = YES;
				CLANG_WARN_BOOL_CONVERSION = YES;
				CLANG_WARN_COMMA = YES;
				CLANG_WARN_CONSTANT_CONVERSION = YES;
				CLANG_WARN_DEPRECATED_OBJC_IMPLEMENTATIONS = YES;
				CLANG_WARN_DIRECT_OBJC_ISA_USAGE = YES_ERROR;
				CLANG_WARN_DOCUMENTATION_COMMENTS = YES;
				CLANG_WARN_EMPTY_BODY = YES;
				CLANG_WARN_ENUM_CONVERSION = YES;
				CLANG_WARN_INFINITE_RECURSION = YES;
				CLANG_WARN_INT_CONVERSION = YES;
				CLANG_WARN_NON_LITERAL_NULL_CONVERSION = YES;
				CLANG_WARN_OBJC_IMPLICIT_RETAIN_SELF = YES;
				CLANG_WARN_OBJC_LITERAL_CONVERSION = YES;
				CLANG_WARN_OBJC_ROOT_CLASS = YES_ERROR;
				CLANG_WARN_QUOTED_INCLUDE_IN_FRAMEWORK_HEADER = YES;
				CLANG_WARN_RANGE_LOOP_ANALYSIS = YES;
				CLANG_WARN_STRICT_PROTOTYPES = YES;
				CLANG_WARN_SUSPICIOUS_MOVE = YES;
				CLANG_WARN_UNGUARDED_AVAILABILITY = YES_AGGRESSIVE;
				CLANG_WARN_UNREACHABLE_CODE = YES;
				CLANG_WARN__DUPLICATE_METHOD_MATCH = YES;
				COPY_PHASE_STRIP = NO;
				DEBUG_INFORMATION_FORMAT = "dwarf-with-dsym";
				ENABLE_NS_ASSERTIONS = NO;
				ENABLE_STRICT_OBJC_MSGSEND = YES;
				GCC_C_LANGUAGE_STANDARD = gnu11;
				GCC_NO_COMMON_BLOCKS = YES;
				GCC_WARN_64_TO_32_BIT_CONVERSION = YES;
				GCC_WARN_ABOUT_RETURN_TYPE = YES_ERROR;
				GCC_WARN_UNDECLARED_SELECTOR = YES;
				GCC_WARN_UNINITIALIZED_AUTOS = YES_AGGRESSIVE;
				GCC_WARN_UNUSED_FUNCTION = YES;
				GCC_WARN_UNUSED_VARIABLE = YES;
				IPHONEOS_DEPLOYMENT_TARGET = 16.0;
				MTL_ENABLE_DEBUG_INFO = NO;
				MTL_FAST_MATH = YES;
				SDKROOT = iphoneos;
				SWIFT_COMPILATION_MODE = wholemodule;
				SWIFT_OPTIMIZATION_LEVEL = "-O";
				VALIDATE_PRODUCT = YES;
			};
			name = Release;
		};
		99D4FD3E292D94D200CC7E99 /* Debug */ = {
			isa = XCBuildConfiguration;
			buildSettings = {
				ASSETCATALOG_COMPILER_APPICON_NAME = AppIcon;
				ASSETCATALOG_COMPILER_GLOBAL_ACCENT_COLOR_NAME = AccentColor;
				CODE_SIGN_STYLE = Automatic;
				CURRENT_PROJECT_VERSION = 1;
				GENERATE_INFOPLIST_FILE = YES;
				INFOPLIST_FILE = Flixster/Info.plist;
				INFOPLIST_KEY_UIApplicationSupportsIndirectInputEvents = YES;
				INFOPLIST_KEY_UILaunchStoryboardName = LaunchScreen;
				INFOPLIST_KEY_UIMainStoryboardFile = Main;
				INFOPLIST_KEY_UISupportedInterfaceOrientations_iPad = "UIInterfaceOrientationPortrait UIInterfaceOrientationPortraitUpsideDown UIInterfaceOrientationLandscapeLeft UIInterfaceOrientationLandscapeRight";
				INFOPLIST_KEY_UISupportedInterfaceOrientations_iPhone = "UIInterfaceOrientationPortrait UIInterfaceOrientationLandscapeLeft UIInterfaceOrientationLandscapeRight";
				LD_RUNPATH_SEARCH_PATHS = (
					"$(inherited)",
					"@executable_path/Frameworks",
				);
				MARKETING_VERSION = 1.0;
				PRODUCT_BUNDLE_IDENTIFIER = CodePath.iOS102.Flixster;
				PRODUCT_NAME = "$(TARGET_NAME)";
				SWIFT_EMIT_LOC_STRINGS = YES;
				SWIFT_VERSION = 5.0;
				TARGETED_DEVICE_FAMILY = "1,2";
			};
			name = Debug;
		};
		99D4FD3F292D94D200CC7E99 /* Release */ = {
			isa = XCBuildConfiguration;
			buildSettings = {
				ASSETCATALOG_COMPILER_APPICON_NAME = AppIcon;
				ASSETCATALOG_COMPILER_GLOBAL_ACCENT_COLOR_NAME = AccentColor;
				CODE_SIGN_STYLE = Automatic;
				CURRENT_PROJECT_VERSION = 1;
				GENERATE_INFOPLIST_FILE = YES;
				INFOPLIST_FILE = Flixster/Info.plist;
				INFOPLIST_KEY_UIApplicationSupportsIndirectInputEvents = YES;
				INFOPLIST_KEY_UILaunchStoryboardName = LaunchScreen;
				INFOPLIST_KEY_UIMainStoryboardFile = Main;
				INFOPLIST_KEY_UISupportedInterfaceOrientations_iPad = "UIInterfaceOrientationPortrait UIInterfaceOrientationPortraitUpsideDown UIInterfaceOrientationLandscapeLeft UIInterfaceOrientationLandscapeRight";
				INFOPLIST_KEY_UISupportedInterfaceOrientations_iPhone = "UIInterfaceOrientationPortrait UIInterfaceOrientationLandscapeLeft UIInterfaceOrientationLandscapeRight";
				LD_RUNPATH_SEARCH_PATHS = (
					"$(inherited)",
					"@executable_path/Frameworks",
				);
				MARKETING_VERSION = 1.0;
				PRODUCT_BUNDLE_IDENTIFIER = CodePath.iOS102.Flixster;
				PRODUCT_NAME = "$(TARGET_NAME)";
				SWIFT_EMIT_LOC_STRINGS = YES;
				SWIFT_VERSION = 5.0;
				TARGETED_DEVICE_FAMILY = "1,2";
			};
			name = Release;
		};
		99D4FD41292D94D200CC7E99 /* Debug */ = {
			isa = XCBuildConfiguration;
			buildSettings = {
				ALWAYS_EMBED_SWIFT_STANDARD_LIBRARIES = YES;
				BUNDLE_LOADER = "$(TEST_HOST)";
				CODE_SIGN_STYLE = Automatic;
				CURRENT_PROJECT_VERSION = 1;
				GENERATE_INFOPLIST_FILE = YES;
				IPHONEOS_DEPLOYMENT_TARGET = 16.0;
				MARKETING_VERSION = 1.0;
				PRODUCT_BUNDLE_IDENTIFIER = CodePath.iOS102.FlixsterTests;
				PRODUCT_NAME = "$(TARGET_NAME)";
				SWIFT_EMIT_LOC_STRINGS = NO;
				SWIFT_VERSION = 5.0;
				TARGETED_DEVICE_FAMILY = "1,2";
				TEST_HOST = "$(BUILT_PRODUCTS_DIR)/Flixster.app/$(BUNDLE_EXECUTABLE_FOLDER_PATH)/Flixster";
			};
			name = Debug;
		};
		99D4FD42292D94D200CC7E99 /* Release */ = {
			isa = XCBuildConfiguration;
			buildSettings = {
				ALWAYS_EMBED_SWIFT_STANDARD_LIBRARIES = YES;
				BUNDLE_LOADER = "$(TEST_HOST)";
				CODE_SIGN_STYLE = Automatic;
				CURRENT_PROJECT_VERSION = 1;
				GENERATE_INFOPLIST_FILE = YES;
				IPHONEOS_DEPLOYMENT_TARGET = 16.0;
				MARKETING_VERSION = 1.0;
				PRODUCT_BUNDLE_IDENTIFIER = CodePath.iOS102.FlixsterTests;
				PRODUCT_NAME = "$(TARGET_NAME)";
				SWIFT_EMIT_LOC_STRINGS = NO;
				SWIFT_VERSION = 5.0;
				TARGETED_DEVICE_FAMILY = "1,2";
				TEST_HOST = "$(BUILT_PRODUCTS_DIR)/Flixster.app/$(BUNDLE_EXECUTABLE_FOLDER_PATH)/Flixster";
			};
			name = Release;
		};
		99D4FD44292D94D200CC7E99 /* Debug */ = {
			isa = XCBuildConfiguration;
			buildSettings = {
				ALWAYS_EMBED_SWIFT_STANDARD_LIBRARIES = YES;
				CODE_SIGN_STYLE = Automatic;
				CURRENT_PROJECT_VERSION = 1;
				GENERATE_INFOPLIST_FILE = YES;
				MARKETING_VERSION = 1.0;
				PRODUCT_BUNDLE_IDENTIFIER = CodePath.iOS102.FlixsterUITests;
				PRODUCT_NAME = "$(TARGET_NAME)";
				SWIFT_EMIT_LOC_STRINGS = NO;
				SWIFT_VERSION = 5.0;
				TARGETED_DEVICE_FAMILY = "1,2";
				TEST_TARGET_NAME = Flixster;
			};
			name = Debug;
		};
		99D4FD45292D94D200CC7E99 /* Release */ = {
			isa = XCBuildConfiguration;
			buildSettings = {
				ALWAYS_EMBED_SWIFT_STANDARD_LIBRARIES = YES;
				CODE_SIGN_STYLE = Automatic;
				CURRENT_PROJECT_VERSION = 1;
				GENERATE_INFOPLIST_FILE = YES;
				MARKETING_VERSION = 1.0;
				PRODUCT_BUNDLE_IDENTIFIER = CodePath.iOS102.FlixsterUITests;
				PRODUCT_NAME = "$(TARGET_NAME)";
				SWIFT_EMIT_LOC_STRINGS = NO;
				SWIFT_VERSION = 5.0;
				TARGETED_DEVICE_FAMILY = "1,2";
				TEST_TARGET_NAME = Flixster;
			};
			name = Release;
		};
/* End XCBuildConfiguration section */

/* Begin XCConfigurationList section */
		99D4FD0E292D94D000CC7E99 /* Build configuration list for PBXProject "Flixster" */ = {
			isa = XCConfigurationList;
			buildConfigurations = (
				99D4FD3B292D94D200CC7E99 /* Debug */,
				99D4FD3C292D94D200CC7E99 /* Release */,
			);
			defaultConfigurationIsVisible = 0;
			defaultConfigurationName = Release;
		};
		99D4FD3D292D94D200CC7E99 /* Build configuration list for PBXNativeTarget "Flixster" */ = {
			isa = XCConfigurationList;
			buildConfigurations = (
				99D4FD3E292D94D200CC7E99 /* Debug */,
				99D4FD3F292D94D200CC7E99 /* Release */,
			);
			defaultConfigurationIsVisible = 0;
			defaultConfigurationName = Release;
		};
		99D4FD40292D94D200CC7E99 /* Build configuration list for PBXNativeTarget "FlixsterTests" */ = {
			isa = XCConfigurationList;
			buildConfigurations = (
				99D4FD41292D94D200CC7E99 /* Debug */,
				99D4FD42292D94D200CC7E99 /* Release */,
			);
			defaultConfigurationIsVisible = 0;
			defaultConfigurationName = Release;
		};
		99D4FD43292D94D200CC7E99 /* Build configuration list for PBXNativeTarget "FlixsterUITests" */ = {
			isa = XCConfigurationList;
			buildConfigurations = (
				99D4FD44292D94D200CC7E99 /* Debug */,
				99D4FD45292D94D200CC7E99 /* Release */,
			);
			defaultConfigurationIsVisible = 0;
			defaultConfigurationName = Release;
		};
/* End XCConfigurationList section */

/* Begin XCRemoteSwiftPackageReference section */
		99D0960C292EADC3001C5ED5 /* XCRemoteSwiftPackageReference "AlamofireImage" */ = {
			isa = XCRemoteSwiftPackageReference;
			repositoryURL = "https://github.com/Alamofire/AlamofireImage.git";
			requirement = {
				kind = upToNextMajorVersion;
				minimumVersion = 4.0.0;
			};
		};
/* End XCRemoteSwiftPackageReference section */

/* Begin XCSwiftPackageProductDependency section */
		99D0960D292EADC3001C5ED5 /* AlamofireImage */ = {
			isa = XCSwiftPackageProductDependency;
			package = 99D0960C292EADC3001C5ED5 /* XCRemoteSwiftPackageReference "AlamofireImage" */;
			productName = AlamofireImage;
		};
/* End XCSwiftPackageProductDependency section */
	};
	rootObject = 99D4FD0B292D94D000CC7E99 /* Project object */;
}
